// !$*UTF8*$!
{
	archiveVersion = 1;
	classes = {
	};
	objectVersion = 77;
	objects = {

/* Begin PBXContainerItemProxy section */
		A347B3BE2D55113600DDF517 /* PBXContainerItemProxy */ = {
			isa = PBXContainerItemProxy;
			containerPortal = A347B39F2D55113600DDF517 /* Project object */;
			proxyType = 1;
			remoteGlobalIDString = A347B3A62D55113600DDF517;
			remoteInfo = "Lab About Me";
		};
		A347B3C82D55113600DDF517 /* PBXContainerItemProxy */ = {
			isa = PBXContainerItemProxy;
			containerPortal = A347B39F2D55113600DDF517 /* Project object */;
			proxyType = 1;
			remoteGlobalIDString = A347B3A62D55113600DDF517;
			remoteInfo = "Lab About Me";
		};
/* End PBXContainerItemProxy section */

/* Begin PBXFileReference section */
		A347B3A72D55113600DDF517 /* Lab About Me.app */ = {isa = PBXFileReference; explicitFileType = wrapper.application; includeInIndex = 0; path = "Lab About Me.app"; sourceTree = BUILT_PRODUCTS_DIR; };
		A347B3BD2D55113600DDF517 /* Lab About MeTests.xctest */ = {isa = PBXFileReference; explicitFileType = wrapper.cfbundle; includeInIndex = 0; path = "Lab About MeTests.xctest"; sourceTree = BUILT_PRODUCTS_DIR; };
		A347B3C72D55113600DDF517 /* Lab About MeUITests.xctest */ = {isa = PBXFileReference; explicitFileType = wrapper.cfbundle; includeInIndex = 0; path = "Lab About MeUITests.xctest"; sourceTree = BUILT_PRODUCTS_DIR; };
/* End PBXFileReference section */

/* Begin PBXFileSystemSynchronizedBuildFileExceptionSet section */
		A347B3CF2D55113600DDF517 /* Exceptions for "Lab About Me" folder in "Lab About Me" target */ = {
			isa = PBXFileSystemSynchronizedBuildFileExceptionSet;
			membershipExceptions = (
				Info.plist,
			);
			target = A347B3A62D55113600DDF517 /* Lab About Me */;
		};
/* End PBXFileSystemSynchronizedBuildFileExceptionSet section */

/* Begin PBXFileSystemSynchronizedRootGroup section */
		A347B3A92D55113600DDF517 /* Lab About Me */ = {
			isa = PBXFileSystemSynchronizedRootGroup;
			exceptions = (
				A347B3CF2D55113600DDF517 /* Exceptions for "Lab About Me" folder in "Lab About Me" target */,
			);
			path = "Lab About Me";
			sourceTree = "<group>";
		};
		A347B3C02D55113600DDF517 /* Lab About MeTests */ = {
			isa = PBXFileSystemSynchronizedRootGroup;
			path = "Lab About MeTests";
			sourceTree = "<group>";
		};
		A347B3CA2D55113600DDF517 /* Lab About MeUITests */ = {
			isa = PBXFileSystemSynchronizedRootGroup;
			path = "Lab About MeUITests";
			sourceTree = "<group>";
		};
/* End PBXFileSystemSynchronizedRootGroup section */

/* Begin PBXFrameworksBuildPhase section */
		A347B3A42D55113600DDF517 /* Frameworks */ = {
			isa = PBXFrameworksBuildPhase;
			buildActionMask = 2147483647;
			files = (
			);
			runOnlyForDeploymentPostprocessing = 0;
		};
		A347B3BA2D55113600DDF517 /* Frameworks */ = {
			isa = PBXFrameworksBuildPhase;
			buildActionMask = 2147483647;
			files = (
			);
			runOnlyForDeploymentPostprocessing = 0;
		};
		A347B3C42D55113600DDF517 /* Frameworks */ = {
			isa = PBXFrameworksBuildPhase;
			buildActionMask = 2147483647;
			files = (
			);
			runOnlyForDeploymentPostprocessing = 0;
		};
/* End PBXFrameworksBuildPhase section */

/* Begin PBXGroup section */
		A347B39E2D55113600DDF517 = {
			isa = PBXGroup;
			children = (
				A347B3A92D55113600DDF517 /* Lab About Me */,
				A347B3C02D55113600DDF517 /* Lab About MeTests */,
				A347B3CA2D55113600DDF517 /* Lab About MeUITests */,
				A347B3A82D55113600DDF517 /* Products */,
			);
			sourceTree = "<group>";
		};
		A347B3A82D55113600DDF517 /* Products */ = {
			isa = PBXGroup;
			children = (
				A347B3A72D55113600DDF517 /* Lab About Me.app */,
				A347B3BD2D55113600DDF517 /* Lab About MeTests.xctest */,
				A347B3C72D55113600DDF517 /* Lab About MeUITests.xctest */,
			);
			name = Products;
			sourceTree = "<group>";
		};
/* End PBXGroup section */

/* Begin PBXNativeTarget section */
		A347B3A62D55113600DDF517 /* Lab About Me */ = {
			isa = PBXNativeTarget;
			buildConfigurationList = A347B3D02D55113600DDF517 /* Build configuration list for PBXNativeTarget "Lab About Me" */;
			buildPhases = (
				A347B3A32D55113600DDF517 /* Sources */,
				A347B3A42D55113600DDF517 /* Frameworks */,
				A347B3A52D55113600DDF517 /* Resources */,
			);
			buildRules = (
			);
			dependencies = (
			);
			fileSystemSynchronizedGroups = (
				A347B3A92D55113600DDF517 /* Lab About Me */,
			);
			name = "Lab About Me";
			packageProductDependencies = (
			);
			productName = "Lab About Me";
			productReference = A347B3A72D55113600DDF517 /* Lab About Me.app */;
			productType = "com.apple.product-type.application";
		};
		A347B3BC2D55113600DDF517 /* Lab About MeTests */ = {
			isa = PBXNativeTarget;
			buildConfigurationList = A347B3D52D55113600DDF517 /* Build configuration list for PBXNativeTarget "Lab About MeTests" */;
			buildPhases = (
				A347B3B92D55113600DDF517 /* Sources */,
				A347B3BA2D55113600DDF517 /* Frameworks */,
				A347B3BB2D55113600DDF517 /* Resources */,
			);
			buildRules = (
			);
			dependencies = (
				A347B3BF2D55113600DDF517 /* PBXTargetDependency */,
			);
			fileSystemSynchronizedGroups = (
				A347B3C02D55113600DDF517 /* Lab About MeTests */,
			);
			name = "Lab About MeTests";
			packageProductDependencies = (
			);
			productName = "Lab About MeTests";
			productReference = A347B3BD2D55113600DDF517 /* Lab About MeTests.xctest */;
			productType = "com.apple.product-type.bundle.unit-test";
		};
		A347B3C62D55113600DDF517 /* Lab About MeUITests */ = {
			isa = PBXNativeTarget;
			buildConfigurationList = A347B3D82D55113600DDF517 /* Build configuration list for PBXNativeTarget "Lab About MeUITests" */;
			buildPhases = (
				A347B3C32D55113600DDF517 /* Sources */,
				A347B3C42D55113600DDF517 /* Frameworks */,
				A347B3C52D55113600DDF517 /* Resources */,
			);
			buildRules = (
			);
			dependencies = (
				A347B3C92D55113600DDF517 /* PBXTargetDependency */,
			);
			fileSystemSynchronizedGroups = (
				A347B3CA2D55113600DDF517 /* Lab About MeUITests */,
			);
			name = "Lab About MeUITests";
			packageProductDependencies = (
			);
			productName = "Lab About MeUITests";
			productReference = A347B3C72D55113600DDF517 /* Lab About MeUITests.xctest */;
			productType = "com.apple.product-type.bundle.ui-testing";
		};
/* End PBXNativeTarget section */

/* Begin PBXProject section */
		A347B39F2D55113600DDF517 /* Project object */ = {
			isa = PBXProject;
			attributes = {
				BuildIndependentTargetsInParallel = 1;
				LastSwiftUpdateCheck = 1620;
				LastUpgradeCheck = 1620;
				TargetAttributes = {
					A347B3A62D55113600DDF517 = {
						CreatedOnToolsVersion = 16.2;
					};
					A347B3BC2D55113600DDF517 = {
						CreatedOnToolsVersion = 16.2;
						TestTargetID = A347B3A62D55113600DDF517;
					};
					A347B3C62D55113600DDF517 = {
						CreatedOnToolsVersion = 16.2;
						TestTargetID = A347B3A62D55113600DDF517;
					};
				};
			};
			buildConfigurationList = A347B3A22D55113600DDF517 /* Build configuration list for PBXProject "Lab About Me" */;
			developmentRegion = en;
			hasScannedForEncodings = 0;
			knownRegions = (
				en,
				Base,
			);
			mainGroup = A347B39E2D55113600DDF517;
			minimizedProjectReferenceProxies = 1;
			preferredProjectObjectVersion = 77;
			productRefGroup = A347B3A82D55113600DDF517 /* Products */;
			projectDirPath = "";
			projectRoot = "";
			targets = (
				A347B3A62D55113600DDF517 /* Lab About Me */,
				A347B3BC2D55113600DDF517 /* Lab About MeTests */,
				A347B3C62D55113600DDF517 /* Lab About MeUITests */,
			);
		};
/* End PBXProject section */

/* Begin PBXResourcesBuildPhase section */
		A347B3A52D55113600DDF517 /* Resources */ = {
			isa = PBXResourcesBuildPhase;
			buildActionMask = 2147483647;
			files = (
			);
			runOnlyForDeploymentPostprocessing = 0;
		};
		A347B3BB2D55113600DDF517 /* Resources */ = {
			isa = PBXResourcesBuildPhase;
			buildActionMask = 2147483647;
			files = (
			);
			runOnlyForDeploymentPostprocessing = 0;
		};
		A347B3C52D55113600DDF517 /* Resources */ = {
			isa = PBXResourcesBuildPhase;
			buildActionMask = 2147483647;
			files = (
			);
			runOnlyForDeploymentPostprocessing = 0;
		};
/* End PBXResourcesBuildPhase section */

/* Begin PBXSourcesBuildPhase section */
		A347B3A32D55113600DDF517 /* Sources */ = {
			isa = PBXSourcesBuildPhase;
			buildActionMask = 2147483647;
			files = (
			);
			runOnlyForDeploymentPostprocessing = 0;
		};
		A347B3B92D55113600DDF517 /* Sources */ = {
			isa = PBXSourcesBuildPhase;
			buildActionMask = 2147483647;
			files = (
			);
			runOnlyForDeploymentPostprocessing = 0;
		};
		A347B3C32D55113600DDF517 /* Sources */ = {
			isa = PBXSourcesBuildPhase;
			buildActionMask = 2147483647;
			files = (
			);
			runOnlyForDeploymentPostprocessing = 0;
		};
/* End PBXSourcesBuildPhase section */

/* Begin PBXTargetDependency section */
		A347B3BF2D55113600DDF517 /* PBXTargetDependency */ = {
			isa = PBXTargetDependency;
			target = A347B3A62D55113600DDF517 /* Lab About Me */;
			targetProxy = A347B3BE2D55113600DDF517 /* PBXContainerItemProxy */;
		};
		A347B3C92D55113600DDF517 /* PBXTargetDependency */ = {
			isa = PBXTargetDependency;
			target = A347B3A62D55113600DDF517 /* Lab About Me */;
			targetProxy = A347B3C82D55113600DDF517 /* PBXContainerItemProxy */;
		};
/* End PBXTargetDependency section */

/* Begin XCBuildConfiguration section */
		A347B3D12D55113600DDF517 /* Debug */ = {
			isa = XCBuildConfiguration;
			buildSettings = {
				ASSETCATALOG_COMPILER_APPICON_NAME = AppIcon;
				ASSETCATALOG_COMPILER_GLOBAL_ACCENT_COLOR_NAME = AccentColor;
				CODE_SIGN_STYLE = Automatic;
				CURRENT_PROJECT_VERSION = 1;
				DEVELOPMENT_TEAM = NVQQ7XF639;
				GENERATE_INFOPLIST_FILE = YES;
				INFOPLIST_FILE = "Lab About Me/Info.plist";
				INFOPLIST_KEY_UIApplicationSupportsIndirectInputEvents = YES;
				INFOPLIST_KEY_UILaunchStoryboardName = LaunchScreen;
				INFOPLIST_KEY_UIMainStoryboardFile = Main;
				INFOPLIST_KEY_UISupportedInterfaceOrientations_iPad = "UIInterfaceOrientationPortrait UIInterfaceOrientationPortraitUpsideDown UIInterfaceOrientationLandscapeLeft UIInterfaceOrientationLandscapeRight";
				INFOPLIST_KEY_UISupportedInterfaceOrientations_iPhone = "UIInterfaceOrientationPortrait UIInterfaceOrientationLandscapeLeft UIInterfaceOrientationLandscapeRight";
				LD_RUNPATH_SEARCH_PATHS = (
					"$(inherited)",
					"@executable_path/Frameworks",
				);
				MARKETING_VERSION = 1.0;
				PRODUCT_BUNDLE_IDENTIFIER = "COM.SC.Lab-About-Me";
				PRODUCT_NAME = "$(TARGET_NAME)";
				SWIFT_EMIT_LOC_STRINGS = YES;
				SWIFT_VERSION = 5.0;
				TARGETED_DEVICE_FAMILY = "1,2";
			};
			name = Debug;
		};
		A347B3D22D55113600DDF517 /* Release */ = {
			isa = XCBuildConfiguration;
			buildSettings = {
				ASSETCATALOG_COMPILER_APPICON_NAME = AppIcon;
				ASSETCATALOG_COMPILER_GLOBAL_ACCENT_COLOR_NAME = AccentColor;
				CODE_SIGN_STYLE = Automatic;
				CURRENT_PROJECT_VERSION = 1;
				DEVELOPMENT_TEAM = NVQQ7XF639;
				GENERATE_INFOPLIST_FILE = YES;
				INFOPLIST_FILE = "Lab About Me/Info.plist";
				INFOPLIST_KEY_UIApplicationSupportsIndirectInputEvents = YES;
				INFOPLIST_KEY_UILaunchStoryboardName = LaunchScreen;
				INFOPLIST_KEY_UIMainStoryboardFile = Main;
				INFOPLIST_KEY_UISupportedInterfaceOrientations_iPad = "UIInterfaceOrientationPortrait UIInterfaceOrientationPortraitUpsideDown UIInterfaceOrientationLandscapeLeft UIInterfaceOrientationLandscapeRight";
				INFOPLIST_KEY_UISupportedInterfaceOrientations_iPhone = "UIInterfaceOrientationPortrait UIInterfaceOrientationLandscapeLeft UIInterfaceOrientationLandscapeRight";
				LD_RUNPATH_SEARCH_PATHS = (
					"$(inherited)",
					"@executable_path/Frameworks",
				);
				MARKETING_VERSION = 1.0;
				PRODUCT_BUNDLE_IDENTIFIER = "COM.SC.Lab-About-Me";
				PRODUCT_NAME = "$(TARGET_NAME)";
				SWIFT_EMIT_LOC_STRINGS = YES;
				SWIFT_VERSION = 5.0;
				TARGETED_DEVICE_FAMILY = "1,2";
			};
			name = Release;
		};
		A347B3D32D55113600DDF517 /* Debug */ = {
			isa = XCBuildConfiguration;
			buildSettings = {
				ALWAYS_SEARCH_USER_PATHS = NO;
				ASSETCATALOG_COMPILER_GENERATE_SWIFT_ASSET_SYMBOL_EXTENSIONS = YES;
				CLANG_ANALYZER_NONNULL = YES;
				CLANG_ANALYZER_NUMBER_OBJECT_CONVERSION = YES_AGGRESSIVE;
				CLANG_CXX_LANGUAGE_STANDARD = "gnu++20";
				CLANG_ENABLE_MODULES = YES;
				CLANG_ENABLE_OBJC_ARC = YES;
				CLANG_ENABLE_OBJC_WEAK = YES;
				CLANG_WARN_BLOCK_CAPTURE_AUTORELEASING = YES;
				CLANG_WARN_BOOL_CONVERSION = YES;
				CLANG_WARN_COMMA = YES;
				CLANG_WARN_CONSTANT_CONVERSION = YES;
				CLANG_WARN_DEPRECATED_OBJC_IMPLEMENTATIONS = YES;
				CLANG_WARN_DIRECT_OBJC_ISA_USAGE = YES_ERROR;
				CLANG_WARN_DOCUMENTATION_COMMENTS = YES;
				CLANG_WARN_EMPTY_BODY = YES;
				CLANG_WARN_ENUM_CONVERSION = YES;
				CLANG_WARN_INFINITE_RECURSION = YES;
				CLANG_WARN_INT_CONVERSION = YES;
				CLANG_WARN_NON_LITERAL_NULL_CONVERSION = YES;
				CLANG_WARN_OBJC_IMPLICIT_RETAIN_SELF = YES;
				CLANG_WARN_OBJC_LITERAL_CONVERSION = YES;
				CLANG_WARN_OBJC_ROOT_CLASS = YES_ERROR;
				CLANG_WARN_QUOTED_INCLUDE_IN_FRAMEWORK_HEADER = YES;
				CLANG_WARN_RANGE_LOOP_ANALYSIS = YES;
				CLANG_WARN_STRICT_PROTOTYPES = YES;
				CLANG_WARN_SUSPICIOUS_MOVE = YES;
				CLANG_WARN_UNGUARDED_AVAILABILITY = YES_AGGRESSIVE;
				CLANG_WARN_UNREACHABLE_CODE = YES;
				CLANG_WARN__DUPLICATE_METHOD_MATCH = YES;
				COPY_PHASE_STRIP = NO;
				DEBUG_INFORMATION_FORMAT = dwarf;
				ENABLE_STRICT_OBJC_MSGSEND = YES;
				ENABLE_TESTABILITY = YES;
				ENABLE_USER_SCRIPT_SANDBOXING = YES;
				GCC_C_LANGUAGE_STANDARD = gnu17;
				GCC_DYNAMIC_NO_PIC = NO;
				GCC_NO_COMMON_BLOCKS = YES;
				GCC_OPTIMIZATION_LEVEL = 0;
				GCC_PREPROCESSOR_DEFINITIONS = (
					"DEBUG=1",
					"$(inherited)",
				);
				GCC_WARN_64_TO_32_BIT_CONVERSION = YES;
				GCC_WARN_ABOUT_RETURN_TYPE = YES_ERROR;
				GCC_WARN_UNDECLARED_SELECTOR = YES;
				GCC_WARN_UNINITIALIZED_AUTOS = YES_AGGRESSIVE;
				GCC_WARN_UNUSED_FUNCTION = YES;
				GCC_WARN_UNUSED_VARIABLE = YES;
				IPHONEOS_DEPLOYMENT_TARGET = 18.2;
				LOCALIZATION_PREFERS_STRING_CATALOGS = YES;
				MTL_ENABLE_DEBUG_INFO = INCLUDE_SOURCE;
				MTL_FAST_MATH = YES;
				ONLY_ACTIVE_ARCH = YES;
				SDKROOT = iphoneos;
				SWIFT_ACTIVE_COMPILATION_CONDITIONS = "DEBUG $(inherited)";
				SWIFT_OPTIMIZATION_LEVEL = "-Onone";
			};
			name = Debug;
		};
		A347B3D42D55113600DDF517 /* Release */ = {
			isa = XCBuildConfiguration;
			buildSettings = {
				ALWAYS_SEARCH_USER_PATHS = NO;
				ASSETCATALOG_COMPILER_GENERATE_SWIFT_ASSET_SYMBOL_EXTENSIONS = YES;
				CLANG_ANALYZER_NONNULL = YES;
				CLANG_ANALYZER_NUMBER_OBJECT_CONVERSION = YES_AGGRESSIVE;
				CLANG_CXX_LANGUAGE_STANDARD = "gnu++20";
				CLANG_ENABLE_MODULES = YES;
				CLANG_ENABLE_OBJC_ARC = YES;
				CLANG_ENABLE_OBJC_WEAK = YES;
				CLANG_WARN_BLOCK_CAPTURE_AUTORELEASING = YES;
				CLANG_WARN_BOOL_CONVERSION = YES;
				CLANG_WARN_COMMA = YES;
				CLANG_WARN_CONSTANT_CONVERSION = YES;
				CLANG_WARN_DEPRECATED_OBJC_IMPLEMENTATIONS = YES;
				CLANG_WARN_DIRECT_OBJC_ISA_USAGE = YES_ERROR;
				CLANG_WARN_DOCUMENTATION_COMMENTS = YES;
				CLANG_WARN_EMPTY_BODY = YES;
				CLANG_WARN_ENUM_CONVERSION = YES;
				CLANG_WARN_INFINITE_RECURSION = YES;
				CLANG_WARN_INT_CONVERSION = YES;
				CLANG_WARN_NON_LITERAL_NULL_CONVERSION = YES;
				CLANG_WARN_OBJC_IMPLICIT_RETAIN_SELF = YES;
				CLANG_WARN_OBJC_LITERAL_CONVERSION = YES;
				CLANG_WARN_OBJC_ROOT_CLASS = YES_ERROR;
				CLANG_WARN_QUOTED_INCLUDE_IN_FRAMEWORK_HEADER = YES;
				CLANG_WARN_RANGE_LOOP_ANALYSIS = YES;
				CLANG_WARN_STRICT_PROTOTYPES = YES;
				CLANG_WARN_SUSPICIOUS_MOVE = YES;
				CLANG_WARN_UNGUARDED_AVAILABILITY = YES_AGGRESSIVE;
				CLANG_WARN_UNREACHABLE_CODE = YES;
				CLANG_WARN__DUPLICATE_METHOD_MATCH = YES;
				COPY_PHASE_STRIP = NO;
				DEBUG_INFORMATION_FORMAT = "dwarf-with-dsym";
				ENABLE_NS_ASSERTIONS = NO;
				ENABLE_STRICT_OBJC_MSGSEND = YES;
				ENABLE_USER_SCRIPT_SANDBOXING = YES;
				GCC_C_LANGUAGE_STANDARD = gnu17;
				GCC_NO_COMMON_BLOCKS = YES;
				GCC_WARN_64_TO_32_BIT_CONVERSION = YES;
				GCC_WARN_ABOUT_RETURN_TYPE = YES_ERROR;
				GCC_WARN_UNDECLARED_SELECTOR = YES;
				GCC_WARN_UNINITIALIZED_AUTOS = YES_AGGRESSIVE;
				GCC_WARN_UNUSED_FUNCTION = YES;
				GCC_WARN_UNUSED_VARIABLE = YES;
				IPHONEOS_DEPLOYMENT_TARGET = 18.2;
				LOCALIZATION_PREFERS_STRING_CATALOGS = YES;
				MTL_ENABLE_DEBUG_INFO = NO;
				MTL_FAST_MATH = YES;
				SDKROOT = iphoneos;
				SWIFT_COMPILATION_MODE = wholemodule;
				VALIDATE_PRODUCT = YES;
			};
			name = Release;
		};
		A347B3D62D55113600DDF517 /* Debug */ = {
			isa = XCBuildConfiguration;
			buildSettings = {
				BUNDLE_LOADER = "$(TEST_HOST)";
				CODE_SIGN_STYLE = Automatic;
				CURRENT_PROJECT_VERSION = 1;
				DEVELOPMENT_TEAM = NVQQ7XF639;
				GENERATE_INFOPLIST_FILE = YES;
				IPHONEOS_DEPLOYMENT_TARGET = 18.2;
				MARKETING_VERSION = 1.0;
				PRODUCT_BUNDLE_IDENTIFIER = "COM.SC.Lab-About-MeTests";
				PRODUCT_NAME = "$(TARGET_NAME)";
				SWIFT_EMIT_LOC_STRINGS = NO;
				SWIFT_VERSION = 5.0;
				TARGETED_DEVICE_FAMILY = "1,2";
				TEST_HOST = "$(BUILT_PRODUCTS_DIR)/Lab About Me.app/$(BUNDLE_EXECUTABLE_FOLDER_PATH)/Lab About Me";
			};
			name = Debug;
		};
		A347B3D72D55113600DDF517 /* Release */ = {
			isa = XCBuildConfiguration;
			buildSettings = {
				BUNDLE_LOADER = "$(TEST_HOST)";
				CODE_SIGN_STYLE = Automatic;
				CURRENT_PROJECT_VERSION = 1;
				DEVELOPMENT_TEAM = NVQQ7XF639;
				GENERATE_INFOPLIST_FILE = YES;
				IPHONEOS_DEPLOYMENT_TARGET = 18.2;
				MARKETING_VERSION = 1.0;
				PRODUCT_BUNDLE_IDENTIFIER = "COM.SC.Lab-About-MeTests";
				PRODUCT_NAME = "$(TARGET_NAME)";
				SWIFT_EMIT_LOC_STRINGS = NO;
				SWIFT_VERSION = 5.0;
				TARGETED_DEVICE_FAMILY = "1,2";
				TEST_HOST = "$(BUILT_PRODUCTS_DIR)/Lab About Me.app/$(BUNDLE_EXECUTABLE_FOLDER_PATH)/Lab About Me";
			};
			name = Release;
		};
		A347B3D92D55113600DDF517 /* Debug */ = {
			isa = XCBuildConfiguration;
			buildSettings = {
				CODE_SIGN_STYLE = Automatic;
				CURRENT_PROJECT_VERSION = 1;
				DEVELOPMENT_TEAM = NVQQ7XF639;
				GENERATE_INFOPLIST_FILE = YES;
				MARKETING_VERSION = 1.0;
				PRODUCT_BUNDLE_IDENTIFIER = "COM.SC.Lab-About-MeUITests";
				PRODUCT_NAME = "$(TARGET_NAME)";
				SWIFT_EMIT_LOC_STRINGS = NO;
				SWIFT_VERSION = 5.0;
				TARGETED_DEVICE_FAMILY = "1,2";
				TEST_TARGET_NAME = "Lab About Me";
			};
			name = Debug;
		};
		A347B3DA2D55113600DDF517 /* Release */ = {
			isa = XCBuildConfiguration;
			buildSettings = {
				CODE_SIGN_STYLE = Automatic;
				CURRENT_PROJECT_VERSION = 1;
				DEVELOPMENT_TEAM = NVQQ7XF639;
				GENERATE_INFOPLIST_FILE = YES;
				MARKETING_VERSION = 1.0;
				PRODUCT_BUNDLE_IDENTIFIER = "COM.SC.Lab-About-MeUITests";
				PRODUCT_NAME = "$(TARGET_NAME)";
				SWIFT_EMIT_LOC_STRINGS = NO;
				SWIFT_VERSION = 5.0;
				TARGETED_DEVICE_FAMILY = "1,2";
				TEST_TARGET_NAME = "Lab About Me";
			};
			name = Release;
		};
/* End XCBuildConfiguration section */

/* Begin XCConfigurationList section */
		A347B3A22D55113600DDF517 /* Build configuration list for PBXProject "Lab About Me" */ = {
			isa = XCConfigurationList;
			buildConfigurations = (
				A347B3D32D55113600DDF517 /* Debug */,
				A347B3D42D55113600DDF517 /* Release */,
			);
			defaultConfigurationIsVisible = 0;
			defaultConfigurationName = Release;
		};
		A347B3D02D55113600DDF517 /* Build configuration list for PBXNativeTarget "Lab About Me" */ = {
			isa = XCConfigurationList;
			buildConfigurations = (
				A347B3D12D55113600DDF517 /* Debug */,
				A347B3D22D55113600DDF517 /* Release */,
			);
			defaultConfigurationIsVisible = 0;
			defaultConfigurationName = Release;
		};
		A347B3D52D55113600DDF517 /* Build configuration list for PBXNativeTarget "Lab About MeTests" */ = {
			isa = XCConfigurationList;
			buildConfigurations = (
				A347B3D62D55113600DDF517 /* Debug */,
				A347B3D72D55113600DDF517 /* Release */,
			);
			defaultConfigurationIsVisible = 0;
			defaultConfigurationName = Release;
		};
		A347B3D82D55113600DDF517 /* Build configuration list for PBXNativeTarget "Lab About MeUITests" */ = {
			isa = XCConfigurationList;
			buildConfigurations = (
				A347B3D92D55113600DDF517 /* Debug */,
				A347B3DA2D55113600DDF517 /* Release */,
			);
			defaultConfigurationIsVisible = 0;
			defaultConfigurationName = Release;
		};
/* End XCConfigurationList section */
	};
	rootObject = A347B39F2D55113600DDF517 /* Project object */;
}
