// !$*UTF8*$!
{
	archiveVersion = 1;
	classes = {
	};
	objectVersion = 77;
	objects = {

/* Begin PBXContainerItemProxy section */
		A34615E72D5562C600C7A04E /* PBXContainerItemProxy */ = {
			isa = PBXContainerItemProxy;
			containerPortal = A34615C82D5562C500C7A04E /* Project object */;
			proxyType = 1;
			remoteGlobalIDString = A34615CF2D5562C500C7A04E;
			remoteInfo = "lab Calculater";
		};
		A34615F12D5562C600C7A04E /* PBXContainerItemProxy */ = {
			isa = PBXContainerItemProxy;
			containerPortal = A34615C82D5562C500C7A04E /* Project object */;
			proxyType = 1;
			remoteGlobalIDString = A34615CF2D5562C500C7A04E;
			remoteInfo = "lab Calculater";
		};
/* End PBXContainerItemProxy section */

/* Begin PBXFileReference section */
		A34615D02D5562C500C7A04E /* lab Calculater.app */ = {isa = PBXFileReference; explicitFileType = wrapper.application; includeInIndex = 0; path = "lab Calculater.app"; sourceTree = BUILT_PRODUCTS_DIR; };
		A34615E62D5562C600C7A04E /* lab CalculaterTests.xctest */ = {isa = PBXFileReference; explicitFileType = wrapper.cfbundle; includeInIndex = 0; path = "lab CalculaterTests.xctest"; sourceTree = BUILT_PRODUCTS_DIR; };
		A34615F02D5562C600C7A04E /* lab CalculaterUITests.xctest */ = {isa = PBXFileReference; explicitFileType = wrapper.cfbundle; includeInIndex = 0; path = "lab CalculaterUITests.xctest"; sourceTree = BUILT_PRODUCTS_DIR; };
/* End PBXFileReference section */

/* Begin PBXFileSystemSynchronizedBuildFileExceptionSet section */
		A34615F82D5562C600C7A04E /* Exceptions for "lab Calculater" folder in "lab Calculater" target */ = {
			isa = PBXFileSystemSynchronizedBuildFileExceptionSet;
			membershipExceptions = (
				Info.plist,
			);
			target = A34615CF2D5562C500C7A04E /* lab Calculater */;
		};
/* End PBXFileSystemSynchronizedBuildFileExceptionSet section */

/* Begin PBXFileSystemSynchronizedRootGroup section */
		A34615D22D5562C500C7A04E /* lab Calculater */ = {
			isa = PBXFileSystemSynchronizedRootGroup;
			exceptions = (
				A34615F82D5562C600C7A04E /* Exceptions for "lab Calculater" folder in "lab Calculater" target */,
			);
			path = "lab Calculater";
			sourceTree = "<group>";
		};
		A34615E92D5562C600C7A04E /* lab CalculaterTests */ = {
			isa = PBXFileSystemSynchronizedRootGroup;
			path = "lab CalculaterTests";
			sourceTree = "<group>";
		};
		A34615F32D5562C600C7A04E /* lab CalculaterUITests */ = {
			isa = PBXFileSystemSynchronizedRootGroup;
			path = "lab CalculaterUITests";
			sourceTree = "<group>";
		};
/* End PBXFileSystemSynchronizedRootGroup section */

/* Begin PBXFrameworksBuildPhase section */
		A34615CD2D5562C500C7A04E /* Frameworks */ = {
			isa = PBXFrameworksBuildPhase;
			buildActionMask = 2147483647;
			files = (
			);
			runOnlyForDeploymentPostprocessing = 0;
		};
		A34615E32D5562C600C7A04E /* Frameworks */ = {
			isa = PBXFrameworksBuildPhase;
			buildActionMask = 2147483647;
			files = (
			);
			runOnlyForDeploymentPostprocessing = 0;
		};
		A34615ED2D5562C600C7A04E /* Frameworks */ = {
			isa = PBXFrameworksBuildPhase;
			buildActionMask = 2147483647;
			files = (
			);
			runOnlyForDeploymentPostprocessing = 0;
		};
/* End PBXFrameworksBuildPhase section */

/* Begin PBXGroup section */
		A34615C72D5562C500C7A04E = {
			isa = PBXGroup;
			children = (
				A34615D22D5562C500C7A04E /* lab Calculater */,
				A34615E92D5562C600C7A04E /* lab CalculaterTests */,
				A34615F32D5562C600C7A04E /* lab CalculaterUITests */,
				A34615D12D5562C500C7A04E /* Products */,
			);
			sourceTree = "<group>";
		};
		A34615D12D5562C500C7A04E /* Products */ = {
			isa = PBXGroup;
			children = (
				A34615D02D5562C500C7A04E /* lab Calculater.app */,
				A34615E62D5562C600C7A04E /* lab CalculaterTests.xctest */,
				A34615F02D5562C600C7A04E /* lab CalculaterUITests.xctest */,
			);
			name = Products;
			sourceTree = "<group>";
		};
/* End PBXGroup section */

/* Begin PBXNativeTarget section */
		A34615CF2D5562C500C7A04E /* lab Calculater */ = {
			isa = PBXNativeTarget;
			buildConfigurationList = A34615F92D5562C600C7A04E /* Build configuration list for PBXNativeTarget "lab Calculater" */;
			buildPhases = (
				A34615CC2D5562C500C7A04E /* Sources */,
				A34615CD2D5562C500C7A04E /* Frameworks */,
				A34615CE2D5562C500C7A04E /* Resources */,
			);
			buildRules = (
			);
			dependencies = (
			);
			fileSystemSynchronizedGroups = (
				A34615D22D5562C500C7A04E /* lab Calculater */,
			);
			name = "lab Calculater";
			packageProductDependencies = (
			);
			productName = "lab Calculater";
			productReference = A34615D02D5562C500C7A04E /* lab Calculater.app */;
			productType = "com.apple.product-type.application";
		};
		A34615E52D5562C600C7A04E /* lab CalculaterTests */ = {
			isa = PBXNativeTarget;
			buildConfigurationList = A34615FE2D5562C600C7A04E /* Build configuration list for PBXNativeTarget "lab CalculaterTests" */;
			buildPhases = (
				A34615E22D5562C600C7A04E /* Sources */,
				A34615E32D5562C600C7A04E /* Frameworks */,
				A34615E42D5562C600C7A04E /* Resources */,
			);
			buildRules = (
			);
			dependencies = (
				A34615E82D5562C600C7A04E /* PBXTargetDependency */,
			);
			fileSystemSynchronizedGroups = (
				A34615E92D5562C600C7A04E /* lab CalculaterTests */,
			);
			name = "lab CalculaterTests";
			packageProductDependencies = (
			);
			productName = "lab CalculaterTests";
			productReference = A34615E62D5562C600C7A04E /* lab CalculaterTests.xctest */;
			productType = "com.apple.product-type.bundle.unit-test";
		};
		A34615EF2D5562C600C7A04E /* lab CalculaterUITests */ = {
			isa = PBXNativeTarget;
			buildConfigurationList = A34616012D5562C600C7A04E /* Build configuration list for PBXNativeTarget "lab CalculaterUITests" */;
			buildPhases = (
				A34615EC2D5562C600C7A04E /* Sources */,
				A34615ED2D5562C600C7A04E /* Frameworks */,
				A34615EE2D5562C600C7A04E /* Resources */,
			);
			buildRules = (
			);
			dependencies = (
				A34615F22D5562C600C7A04E /* PBXTargetDependency */,
			);
			fileSystemSynchronizedGroups = (
				A34615F32D5562C600C7A04E /* lab CalculaterUITests */,
			);
			name = "lab CalculaterUITests";
			packageProductDependencies = (
			);
			productName = "lab CalculaterUITests";
			productReference = A34615F02D5562C600C7A04E /* lab CalculaterUITests.xctest */;
			productType = "com.apple.product-type.bundle.ui-testing";
		};
/* End PBXNativeTarget section */

/* Begin PBXProject section */
		A34615C82D5562C500C7A04E /* Project object */ = {
			isa = PBXProject;
			attributes = {
				BuildIndependentTargetsInParallel = 1;
				LastSwiftUpdateCheck = 1620;
				LastUpgradeCheck = 1620;
				TargetAttributes = {
					A34615CF2D5562C500C7A04E = {
						CreatedOnToolsVersion = 16.2;
					};
					A34615E52D5562C600C7A04E = {
						CreatedOnToolsVersion = 16.2;
						TestTargetID = A34615CF2D5562C500C7A04E;
					};
					A34615EF2D5562C600C7A04E = {
						CreatedOnToolsVersion = 16.2;
						TestTargetID = A34615CF2D5562C500C7A04E;
					};
				};
			};
			buildConfigurationList = A34615CB2D5562C500C7A04E /* Build configuration list for PBXProject "lab Calculater" */;
			developmentRegion = en;
			hasScannedForEncodings = 0;
			knownRegions = (
				en,
				Base,
			);
			mainGroup = A34615C72D5562C500C7A04E;
			minimizedProjectReferenceProxies = 1;
			preferredProjectObjectVersion = 77;
			productRefGroup = A34615D12D5562C500C7A04E /* Products */;
			projectDirPath = "";
			projectRoot = "";
			targets = (
				A34615CF2D5562C500C7A04E /* lab Calculater */,
				A34615E52D5562C600C7A04E /* lab CalculaterTests */,
				A34615EF2D5562C600C7A04E /* lab CalculaterUITests */,
			);
		};
/* End PBXProject section */

/* Begin PBXResourcesBuildPhase section */
		A34615CE2D5562C500C7A04E /* Resources */ = {
			isa = PBXResourcesBuildPhase;
			buildActionMask = 2147483647;
			files = (
			);
			runOnlyForDeploymentPostprocessing = 0;
		};
		A34615E42D5562C600C7A04E /* Resources */ = {
			isa = PBXResourcesBuildPhase;
			buildActionMask = 2147483647;
			files = (
			);
			runOnlyForDeploymentPostprocessing = 0;
		};
		A34615EE2D5562C600C7A04E /* Resources */ = {
			isa = PBXResourcesBuildPhase;
			buildActionMask = 2147483647;
			files = (
			);
			runOnlyForDeploymentPostprocessing = 0;
		};
/* End PBXResourcesBuildPhase section */

/* Begin PBXSourcesBuildPhase section */
		A34615CC2D5562C500C7A04E /* Sources */ = {
			isa = PBXSourcesBuildPhase;
			buildActionMask = 2147483647;
			files = (
			);
			runOnlyForDeploymentPostprocessing = 0;
		};
		A34615E22D5562C600C7A04E /* Sources */ = {
			isa = PBXSourcesBuildPhase;
			buildActionMask = 2147483647;
			files = (
			);
			runOnlyForDeploymentPostprocessing = 0;
		};
		A34615EC2D5562C600C7A04E /* Sources */ = {
			isa = PBXSourcesBuildPhase;
			buildActionMask = 2147483647;
			files = (
			);
			runOnlyForDeploymentPostprocessing = 0;
		};
/* End PBXSourcesBuildPhase section */

/* Begin PBXTargetDependency section */
		A34615E82D5562C600C7A04E /* PBXTargetDependency */ = {
			isa = PBXTargetDependency;
			target = A34615CF2D5562C500C7A04E /* lab Calculater */;
			targetProxy = A34615E72D5562C600C7A04E /* PBXContainerItemProxy */;
		};
		A34615F22D5562C600C7A04E /* PBXTargetDependency */ = {
			isa = PBXTargetDependency;
			target = A34615CF2D5562C500C7A04E /* lab Calculater */;
			targetProxy = A34615F12D5562C600C7A04E /* PBXContainerItemProxy */;
		};
/* End PBXTargetDependency section */

/* Begin XCBuildConfiguration section */
		A34615FA2D5562C600C7A04E /* Debug */ = {
			isa = XCBuildConfiguration;
			buildSettings = {
				ASSETCATALOG_COMPILER_APPICON_NAME = AppIcon;
				ASSETCATALOG_COMPILER_GLOBAL_ACCENT_COLOR_NAME = AccentColor;
				CODE_SIGN_STYLE = Automatic;
				CURRENT_PROJECT_VERSION = 1;
				DEVELOPMENT_TEAM = NVQQ7XF639;
				GENERATE_INFOPLIST_FILE = YES;
				INFOPLIST_FILE = "lab Calculater/Info.plist";
				INFOPLIST_KEY_UIApplicationSupportsIndirectInputEvents = YES;
				INFOPLIST_KEY_UILaunchStoryboardName = LaunchScreen;
				INFOPLIST_KEY_UIMainStoryboardFile = Main;
				INFOPLIST_KEY_UISupportedInterfaceOrientations_iPad = "UIInterfaceOrientationPortrait UIInterfaceOrientationPortraitUpsideDown UIInterfaceOrientationLandscapeLeft UIInterfaceOrientationLandscapeRight";
				INFOPLIST_KEY_UISupportedInterfaceOrientations_iPhone = "UIInterfaceOrientationPortrait UIInterfaceOrientationLandscapeLeft UIInterfaceOrientationLandscapeRight";
				LD_RUNPATH_SEARCH_PATHS = (
					"$(inherited)",
					"@executable_path/Frameworks",
				);
				MARKETING_VERSION = 1.0;
				PRODUCT_BUNDLE_IDENTIFIER = "COM.SC.lab-Calculater";
				PRODUCT_NAME = "$(TARGET_NAME)";
				SWIFT_EMIT_LOC_STRINGS = YES;
				SWIFT_VERSION = 5.0;
				TARGETED_DEVICE_FAMILY = "1,2";
			};
			name = Debug;
		};
		A34615FB2D5562C600C7A04E /* Release */ = {
			isa = XCBuildConfiguration;
			buildSettings = {
				ASSETCATALOG_COMPILER_APPICON_NAME = AppIcon;
				ASSETCATALOG_COMPILER_GLOBAL_ACCENT_COLOR_NAME = AccentColor;
				CODE_SIGN_STYLE = Automatic;
				CURRENT_PROJECT_VERSION = 1;
				DEVELOPMENT_TEAM = NVQQ7XF639;
				GENERATE_INFOPLIST_FILE = YES;
				INFOPLIST_FILE = "lab Calculater/Info.plist";
				INFOPLIST_KEY_UIApplicationSupportsIndirectInputEvents = YES;
				INFOPLIST_KEY_UILaunchStoryboardName = LaunchScreen;
				INFOPLIST_KEY_UIMainStoryboardFile = Main;
				INFOPLIST_KEY_UISupportedInterfaceOrientations_iPad = "UIInterfaceOrientationPortrait UIInterfaceOrientationPortraitUpsideDown UIInterfaceOrientationLandscapeLeft UIInterfaceOrientationLandscapeRight";
				INFOPLIST_KEY_UISupportedInterfaceOrientations_iPhone = "UIInterfaceOrientationPortrait UIInterfaceOrientationLandscapeLeft UIInterfaceOrientationLandscapeRight";
				LD_RUNPATH_SEARCH_PATHS = (
					"$(inherited)",
					"@executable_path/Frameworks",
				);
				MARKETING_VERSION = 1.0;
				PRODUCT_BUNDLE_IDENTIFIER = "COM.SC.lab-Calculater";
				PRODUCT_NAME = "$(TARGET_NAME)";
				SWIFT_EMIT_LOC_STRINGS = YES;
				SWIFT_VERSION = 5.0;
				TARGETED_DEVICE_FAMILY = "1,2";
			};
			name = Release;
		};
		A34615FC2D5562C600C7A04E /* Debug */ = {
			isa = XCBuildConfiguration;
			buildSettings = {
				ALWAYS_SEARCH_USER_PATHS = NO;
				ASSETCATALOG_COMPILER_GENERATE_SWIFT_ASSET_SYMBOL_EXTENSIONS = YES;
				CLANG_ANALYZER_NONNULL = YES;
				CLANG_ANALYZER_NUMBER_OBJECT_CONVERSION = YES_AGGRESSIVE;
				CLANG_CXX_LANGUAGE_STANDARD = "gnu++20";
				CLANG_ENABLE_MODULES = YES;
				CLANG_ENABLE_OBJC_ARC = YES;
				CLANG_ENABLE_OBJC_WEAK = YES;
				CLANG_WARN_BLOCK_CAPTURE_AUTORELEASING = YES;
				CLANG_WARN_BOOL_CONVERSION = YES;
				CLANG_WARN_COMMA = YES;
				CLANG_WARN_CONSTANT_CONVERSION = YES;
				CLANG_WARN_DEPRECATED_OBJC_IMPLEMENTATIONS = YES;
				CLANG_WARN_DIRECT_OBJC_ISA_USAGE = YES_ERROR;
				CLANG_WARN_DOCUMENTATION_COMMENTS = YES;
				CLANG_WARN_EMPTY_BODY = YES;
				CLANG_WARN_ENUM_CONVERSION = YES;
				CLANG_WARN_INFINITE_RECURSION = YES;
				CLANG_WARN_INT_CONVERSION = YES;
				CLANG_WARN_NON_LITERAL_NULL_CONVERSION = YES;
				CLANG_WARN_OBJC_IMPLICIT_RETAIN_SELF = YES;
				CLANG_WARN_OBJC_LITERAL_CONVERSION = YES;
				CLANG_WARN_OBJC_ROOT_CLASS = YES_ERROR;
				CLANG_WARN_QUOTED_INCLUDE_IN_FRAMEWORK_HEADER = YES;
				CLANG_WARN_RANGE_LOOP_ANALYSIS = YES;
				CLANG_WARN_STRICT_PROTOTYPES = YES;
				CLANG_WARN_SUSPICIOUS_MOVE = YES;
				CLANG_WARN_UNGUARDED_AVAILABILITY = YES_AGGRESSIVE;
				CLANG_WARN_UNREACHABLE_CODE = YES;
				CLANG_WARN__DUPLICATE_METHOD_MATCH = YES;
				COPY_PHASE_STRIP = NO;
				DEBUG_INFORMATION_FORMAT = dwarf;
				ENABLE_STRICT_OBJC_MSGSEND = YES;
				ENABLE_TESTABILITY = YES;
				ENABLE_USER_SCRIPT_SANDBOXING = YES;
				GCC_C_LANGUAGE_STANDARD = gnu17;
				GCC_DYNAMIC_NO_PIC = NO;
				GCC_NO_COMMON_BLOCKS = YES;
				GCC_OPTIMIZATION_LEVEL = 0;
				GCC_PREPROCESSOR_DEFINITIONS = (
					"DEBUG=1",
					"$(inherited)",
				);
				GCC_WARN_64_TO_32_BIT_CONVERSION = YES;
				GCC_WARN_ABOUT_RETURN_TYPE = YES_ERROR;
				GCC_WARN_UNDECLARED_SELECTOR = YES;
				GCC_WARN_UNINITIALIZED_AUTOS = YES_AGGRESSIVE;
				GCC_WARN_UNUSED_FUNCTION = YES;
				GCC_WARN_UNUSED_VARIABLE = YES;
				IPHONEOS_DEPLOYMENT_TARGET = 18.2;
				LOCALIZATION_PREFERS_STRING_CATALOGS = YES;
				MTL_ENABLE_DEBUG_INFO = INCLUDE_SOURCE;
				MTL_FAST_MATH = YES;
				ONLY_ACTIVE_ARCH = YES;
				SDKROOT = iphoneos;
				SWIFT_ACTIVE_COMPILATION_CONDITIONS = "DEBUG $(inherited)";
				SWIFT_OPTIMIZATION_LEVEL = "-Onone";
			};
			name = Debug;
		};
		A34615FD2D5562C600C7A04E /* Release */ = {
			isa = XCBuildConfiguration;
			buildSettings = {
				ALWAYS_SEARCH_USER_PATHS = NO;
				ASSETCATALOG_COMPILER_GENERATE_SWIFT_ASSET_SYMBOL_EXTENSIONS = YES;
				CLANG_ANALYZER_NONNULL = YES;
				CLANG_ANALYZER_NUMBER_OBJECT_CONVERSION = YES_AGGRESSIVE;
				CLANG_CXX_LANGUAGE_STANDARD = "gnu++20";
				CLANG_ENABLE_MODULES = YES;
				CLANG_ENABLE_OBJC_ARC = YES;
				CLANG_ENABLE_OBJC_WEAK = YES;
				CLANG_WARN_BLOCK_CAPTURE_AUTORELEASING = YES;
				CLANG_WARN_BOOL_CONVERSION = YES;
				CLANG_WARN_COMMA = YES;
				CLANG_WARN_CONSTANT_CONVERSION = YES;
				CLANG_WARN_DEPRECATED_OBJC_IMPLEMENTATIONS = YES;
				CLANG_WARN_DIRECT_OBJC_ISA_USAGE = YES_ERROR;
				CLANG_WARN_DOCUMENTATION_COMMENTS = YES;
				CLANG_WARN_EMPTY_BODY = YES;
				CLANG_WARN_ENUM_CONVERSION = YES;
				CLANG_WARN_INFINITE_RECURSION = YES;
				CLANG_WARN_INT_CONVERSION = YES;
				CLANG_WARN_NON_LITERAL_NULL_CONVERSION = YES;
				CLANG_WARN_OBJC_IMPLICIT_RETAIN_SELF = YES;
				CLANG_WARN_OBJC_LITERAL_CONVERSION = YES;
				CLANG_WARN_OBJC_ROOT_CLASS = YES_ERROR;
				CLANG_WARN_QUOTED_INCLUDE_IN_FRAMEWORK_HEADER = YES;
				CLANG_WARN_RANGE_LOOP_ANALYSIS = YES;
				CLANG_WARN_STRICT_PROTOTYPES = YES;
				CLANG_WARN_SUSPICIOUS_MOVE = YES;
				CLANG_WARN_UNGUARDED_AVAILABILITY = YES_AGGRESSIVE;
				CLANG_WARN_UNREACHABLE_CODE = YES;
				CLANG_WARN__DUPLICATE_METHOD_MATCH = YES;
				COPY_PHASE_STRIP = NO;
				DEBUG_INFORMATION_FORMAT = "dwarf-with-dsym";
				ENABLE_NS_ASSERTIONS = NO;
				ENABLE_STRICT_OBJC_MSGSEND = YES;
				ENABLE_USER_SCRIPT_SANDBOXING = YES;
				GCC_C_LANGUAGE_STANDARD = gnu17;
				GCC_NO_COMMON_BLOCKS = YES;
				GCC_WARN_64_TO_32_BIT_CONVERSION = YES;
				GCC_WARN_ABOUT_RETURN_TYPE = YES_ERROR;
				GCC_WARN_UNDECLARED_SELECTOR = YES;
				GCC_WARN_UNINITIALIZED_AUTOS = YES_AGGRESSIVE;
				GCC_WARN_UNUSED_FUNCTION = YES;
				GCC_WARN_UNUSED_VARIABLE = YES;
				IPHONEOS_DEPLOYMENT_TARGET = 18.2;
				LOCALIZATION_PREFERS_STRING_CATALOGS = YES;
				MTL_ENABLE_DEBUG_INFO = NO;
				MTL_FAST_MATH = YES;
				SDKROOT = iphoneos;
				SWIFT_COMPILATION_MODE = wholemodule;
				VALIDATE_PRODUCT = YES;
			};
			name = Release;
		};
		A34615FF2D5562C600C7A04E /* Debug */ = {
			isa = XCBuildConfiguration;
			buildSettings = {
				BUNDLE_LOADER = "$(TEST_HOST)";
				CODE_SIGN_STYLE = Automatic;
				CURRENT_PROJECT_VERSION = 1;
				DEVELOPMENT_TEAM = NVQQ7XF639;
				GENERATE_INFOPLIST_FILE = YES;
				IPHONEOS_DEPLOYMENT_TARGET = 18.2;
				MARKETING_VERSION = 1.0;
				PRODUCT_BUNDLE_IDENTIFIER = "COM.SC.lab-CalculaterTests";
				PRODUCT_NAME = "$(TARGET_NAME)";
				SWIFT_EMIT_LOC_STRINGS = NO;
				SWIFT_VERSION = 5.0;
				TARGETED_DEVICE_FAMILY = "1,2";
				TEST_HOST = "$(BUILT_PRODUCTS_DIR)/lab Calculater.app/$(BUNDLE_EXECUTABLE_FOLDER_PATH)/lab Calculater";
			};
			name = Debug;
		};
		A34616002D5562C600C7A04E /* Release */ = {
			isa = XCBuildConfiguration;
			buildSettings = {
				BUNDLE_LOADER = "$(TEST_HOST)";
				CODE_SIGN_STYLE = Automatic;
				CURRENT_PROJECT_VERSION = 1;
				DEVELOPMENT_TEAM = NVQQ7XF639;
				GENERATE_INFOPLIST_FILE = YES;
				IPHONEOS_DEPLOYMENT_TARGET = 18.2;
				MARKETING_VERSION = 1.0;
				PRODUCT_BUNDLE_IDENTIFIER = "COM.SC.lab-CalculaterTests";
				PRODUCT_NAME = "$(TARGET_NAME)";
				SWIFT_EMIT_LOC_STRINGS = NO;
				SWIFT_VERSION = 5.0;
				TARGETED_DEVICE_FAMILY = "1,2";
				TEST_HOST = "$(BUILT_PRODUCTS_DIR)/lab Calculater.app/$(BUNDLE_EXECUTABLE_FOLDER_PATH)/lab Calculater";
			};
			name = Release;
		};
		A34616022D5562C600C7A04E /* Debug */ = {
			isa = XCBuildConfiguration;
			buildSettings = {
				CODE_SIGN_STYLE = Automatic;
				CURRENT_PROJECT_VERSION = 1;
				DEVELOPMENT_TEAM = NVQQ7XF639;
				GENERATE_INFOPLIST_FILE = YES;
				MARKETING_VERSION = 1.0;
				PRODUCT_BUNDLE_IDENTIFIER = "COM.SC.lab-CalculaterUITests";
				PRODUCT_NAME = "$(TARGET_NAME)";
				SWIFT_EMIT_LOC_STRINGS = NO;
				SWIFT_VERSION = 5.0;
				TARGETED_DEVICE_FAMILY = "1,2";
				TEST_TARGET_NAME = "lab Calculater";
			};
			name = Debug;
		};
		A34616032D5562C600C7A04E /* Release */ = {
			isa = XCBuildConfiguration;
			buildSettings = {
				CODE_SIGN_STYLE = Automatic;
				CURRENT_PROJECT_VERSION = 1;
				DEVELOPMENT_TEAM = NVQQ7XF639;
				GENERATE_INFOPLIST_FILE = YES;
				MARKETING_VERSION = 1.0;
				PRODUCT_BUNDLE_IDENTIFIER = "COM.SC.lab-CalculaterUITests";
				PRODUCT_NAME = "$(TARGET_NAME)";
				SWIFT_EMIT_LOC_STRINGS = NO;
				SWIFT_VERSION = 5.0;
				TARGETED_DEVICE_FAMILY = "1,2";
				TEST_TARGET_NAME = "lab Calculater";
			};
			name = Release;
		};
/* End XCBuildConfiguration section */

/* Begin XCConfigurationList section */
		A34615CB2D5562C500C7A04E /* Build configuration list for PBXProject "lab Calculater" */ = {
			isa = XCConfigurationList;
			buildConfigurations = (
				A34615FC2D5562C600C7A04E /* Debug */,
				A34615FD2D5562C600C7A04E /* Release */,
			);
			defaultConfigurationIsVisible = 0;
			defaultConfigurationName = Release;
		};
		A34615F92D5562C600C7A04E /* Build configuration list for PBXNativeTarget "lab Calculater" */ = {
			isa = XCConfigurationList;
			buildConfigurations = (
				A34615FA2D5562C600C7A04E /* Debug */,
				A34615FB2D5562C600C7A04E /* Release */,
			);
			defaultConfigurationIsVisible = 0;
			defaultConfigurationName = Release;
		};
		A34615FE2D5562C600C7A04E /* Build configuration list for PBXNativeTarget "lab CalculaterTests" */ = {
			isa = XCConfigurationList;
			buildConfigurations = (
				A34615FF2D5562C600C7A04E /* Debug */,
				A34616002D5562C600C7A04E /* Release */,
			);
			defaultConfigurationIsVisible = 0;
			defaultConfigurationName = Release;
		};
		A34616012D5562C600C7A04E /* Build configuration list for PBXNativeTarget "lab CalculaterUITests" */ = {
			isa = XCConfigurationList;
			buildConfigurations = (
				A34616022D5562C600C7A04E /* Debug */,
				A34616032D5562C600C7A04E /* Release */,
			);
			defaultConfigurationIsVisible = 0;
			defaultConfigurationName = Release;
		};
/* End XCConfigurationList section */
	};
	rootObject = A34615C82D5562C500C7A04E /* Project object */;
}
