// !$*UTF8*$!
{
	archiveVersion = 1;
	classes = {
	};
	objectVersion = 77;
	objects = {

/* Begin PBXContainerItemProxy section */
		A3A6AAEA2D70F8D2005417AA /* PBXContainerItemProxy */ = {
			isa = PBXContainerItemProxy;
			containerPortal = A3A6AACB2D70F8D1005417AA /* Project object */;
			proxyType = 1;
			remoteGlobalIDString = A3A6AAD22D70F8D1005417AA;
			remoteInfo = "Lab AppEventCount";
		};
		A3A6AAF42D70F8D2005417AA /* PBXContainerItemProxy */ = {
			isa = PBXContainerItemProxy;
			containerPortal = A3A6AACB2D70F8D1005417AA /* Project object */;
			proxyType = 1;
			remoteGlobalIDString = A3A6AAD22D70F8D1005417AA;
			remoteInfo = "Lab AppEventCount";
		};
/* End PBXContainerItemProxy section */

/* Begin PBXFileReference section */
		A3A6AAD32D70F8D1005417AA /* Lab AppEventCount.app */ = {isa = PBXFileReference; explicitFileType = wrapper.application; includeInIndex = 0; path = "Lab AppEventCount.app"; sourceTree = BUILT_PRODUCTS_DIR; };
		A3A6AAE92D70F8D2005417AA /* Lab AppEventCountTests.xctest */ = {isa = PBXFileReference; explicitFileType = wrapper.cfbundle; includeInIndex = 0; path = "Lab AppEventCountTests.xctest"; sourceTree = BUILT_PRODUCTS_DIR; };
		A3A6AAF32D70F8D2005417AA /* Lab AppEventCountUITests.xctest */ = {isa = PBXFileReference; explicitFileType = wrapper.cfbundle; includeInIndex = 0; path = "Lab AppEventCountUITests.xctest"; sourceTree = BUILT_PRODUCTS_DIR; };
/* End PBXFileReference section */

/* Begin PBXFileSystemSynchronizedBuildFileExceptionSet section */
		A3A6AAFB2D70F8D2005417AA /* Exceptions for "Lab AppEventCount" folder in "Lab AppEventCount" target */ = {
			isa = PBXFileSystemSynchronizedBuildFileExceptionSet;
			membershipExceptions = (
				Info.plist,
			);
			target = A3A6AAD22D70F8D1005417AA /* Lab AppEventCount */;
		};
/* End PBXFileSystemSynchronizedBuildFileExceptionSet section */

/* Begin PBXFileSystemSynchronizedRootGroup section */
		A3A6AAD52D70F8D1005417AA /* Lab AppEventCount */ = {
			isa = PBXFileSystemSynchronizedRootGroup;
			exceptions = (
				A3A6AAFB2D70F8D2005417AA /* Exceptions for "Lab AppEventCount" folder in "Lab AppEventCount" target */,
			);
			path = "Lab AppEventCount";
			sourceTree = "<group>";
		};
		A3A6AAEC2D70F8D2005417AA /* Lab AppEventCountTests */ = {
			isa = PBXFileSystemSynchronizedRootGroup;
			path = "Lab AppEventCountTests";
			sourceTree = "<group>";
		};
		A3A6AAF62D70F8D2005417AA /* Lab AppEventCountUITests */ = {
			isa = PBXFileSystemSynchronizedRootGroup;
			path = "Lab AppEventCountUITests";
			sourceTree = "<group>";
		};
/* End PBXFileSystemSynchronizedRootGroup section */

/* Begin PBXFrameworksBuildPhase section */
		A3A6AAD02D70F8D1005417AA /* Frameworks */ = {
			isa = PBXFrameworksBuildPhase;
			buildActionMask = 2147483647;
			files = (
			);
			runOnlyForDeploymentPostprocessing = 0;
		};
		A3A6AAE62D70F8D2005417AA /* Frameworks */ = {
			isa = PBXFrameworksBuildPhase;
			buildActionMask = 2147483647;
			files = (
			);
			runOnlyForDeploymentPostprocessing = 0;
		};
		A3A6AAF02D70F8D2005417AA /* Frameworks */ = {
			isa = PBXFrameworksBuildPhase;
			buildActionMask = 2147483647;
			files = (
			);
			runOnlyForDeploymentPostprocessing = 0;
		};
/* End PBXFrameworksBuildPhase section */

/* Begin PBXGroup section */
		A3A6AACA2D70F8D1005417AA = {
			isa = PBXGroup;
			children = (
				A3A6AAD52D70F8D1005417AA /* Lab AppEventCount */,
				A3A6AAEC2D70F8D2005417AA /* Lab AppEventCountTests */,
				A3A6AAF62D70F8D2005417AA /* Lab AppEventCountUITests */,
				A3A6AAD42D70F8D1005417AA /* Products */,
			);
			sourceTree = "<group>";
		};
		A3A6AAD42D70F8D1005417AA /* Products */ = {
			isa = PBXGroup;
			children = (
				A3A6AAD32D70F8D1005417AA /* Lab AppEventCount.app */,
				A3A6AAE92D70F8D2005417AA /* Lab AppEventCountTests.xctest */,
				A3A6AAF32D70F8D2005417AA /* Lab AppEventCountUITests.xctest */,
			);
			name = Products;
			sourceTree = "<group>";
		};
/* End PBXGroup section */

/* Begin PBXNativeTarget section */
		A3A6AAD22D70F8D1005417AA /* Lab AppEventCount */ = {
			isa = PBXNativeTarget;
			buildConfigurationList = A3A6AAFC2D70F8D2005417AA /* Build configuration list for PBXNativeTarget "Lab AppEventCount" */;
			buildPhases = (
				A3A6AACF2D70F8D1005417AA /* Sources */,
				A3A6AAD02D70F8D1005417AA /* Frameworks */,
				A3A6AAD12D70F8D1005417AA /* Resources */,
			);
			buildRules = (
			);
			dependencies = (
			);
			fileSystemSynchronizedGroups = (
				A3A6AAD52D70F8D1005417AA /* Lab AppEventCount */,
			);
			name = "Lab AppEventCount";
			packageProductDependencies = (
			);
			productName = "Lab AppEventCount";
			productReference = A3A6AAD32D70F8D1005417AA /* Lab AppEventCount.app */;
			productType = "com.apple.product-type.application";
		};
		A3A6AAE82D70F8D2005417AA /* Lab AppEventCountTests */ = {
			isa = PBXNativeTarget;
			buildConfigurationList = A3A6AB012D70F8D2005417AA /* Build configuration list for PBXNativeTarget "Lab AppEventCountTests" */;
			buildPhases = (
				A3A6AAE52D70F8D2005417AA /* Sources */,
				A3A6AAE62D70F8D2005417AA /* Frameworks */,
				A3A6AAE72D70F8D2005417AA /* Resources */,
			);
			buildRules = (
			);
			dependencies = (
				A3A6AAEB2D70F8D2005417AA /* PBXTargetDependency */,
			);
			fileSystemSynchronizedGroups = (
				A3A6AAEC2D70F8D2005417AA /* Lab AppEventCountTests */,
			);
			name = "Lab AppEventCountTests";
			packageProductDependencies = (
			);
			productName = "Lab AppEventCountTests";
			productReference = A3A6AAE92D70F8D2005417AA /* Lab AppEventCountTests.xctest */;
			productType = "com.apple.product-type.bundle.unit-test";
		};
		A3A6AAF22D70F8D2005417AA /* Lab AppEventCountUITests */ = {
			isa = PBXNativeTarget;
			buildConfigurationList = A3A6AB042D70F8D2005417AA /* Build configuration list for PBXNativeTarget "Lab AppEventCountUITests" */;
			buildPhases = (
				A3A6AAEF2D70F8D2005417AA /* Sources */,
				A3A6AAF02D70F8D2005417AA /* Frameworks */,
				A3A6AAF12D70F8D2005417AA /* Resources */,
			);
			buildRules = (
			);
			dependencies = (
				A3A6AAF52D70F8D2005417AA /* PBXTargetDependency */,
			);
			fileSystemSynchronizedGroups = (
				A3A6AAF62D70F8D2005417AA /* Lab AppEventCountUITests */,
			);
			name = "Lab AppEventCountUITests";
			packageProductDependencies = (
			);
			productName = "Lab AppEventCountUITests";
			productReference = A3A6AAF32D70F8D2005417AA /* Lab AppEventCountUITests.xctest */;
			productType = "com.apple.product-type.bundle.ui-testing";
		};
/* End PBXNativeTarget section */

/* Begin PBXProject section */
		A3A6AACB2D70F8D1005417AA /* Project object */ = {
			isa = PBXProject;
			attributes = {
				BuildIndependentTargetsInParallel = 1;
				LastSwiftUpdateCheck = 1620;
				LastUpgradeCheck = 1620;
				TargetAttributes = {
					A3A6AAD22D70F8D1005417AA = {
						CreatedOnToolsVersion = 16.2;
					};
					A3A6AAE82D70F8D2005417AA = {
						CreatedOnToolsVersion = 16.2;
						TestTargetID = A3A6AAD22D70F8D1005417AA;
					};
					A3A6AAF22D70F8D2005417AA = {
						CreatedOnToolsVersion = 16.2;
						TestTargetID = A3A6AAD22D70F8D1005417AA;
					};
				};
			};
			buildConfigurationList = A3A6AACE2D70F8D1005417AA /* Build configuration list for PBXProject "Lab AppEventCount" */;
			developmentRegion = en;
			hasScannedForEncodings = 0;
			knownRegions = (
				en,
				Base,
			);
			mainGroup = A3A6AACA2D70F8D1005417AA;
			minimizedProjectReferenceProxies = 1;
			preferredProjectObjectVersion = 77;
			productRefGroup = A3A6AAD42D70F8D1005417AA /* Products */;
			projectDirPath = "";
			projectRoot = "";
			targets = (
				A3A6AAD22D70F8D1005417AA /* Lab AppEventCount */,
				A3A6AAE82D70F8D2005417AA /* Lab AppEventCountTests */,
				A3A6AAF22D70F8D2005417AA /* Lab AppEventCountUITests */,
			);
		};
/* End PBXProject section */

/* Begin PBXResourcesBuildPhase section */
		A3A6AAD12D70F8D1005417AA /* Resources */ = {
			isa = PBXResourcesBuildPhase;
			buildActionMask = 2147483647;
			files = (
			);
			runOnlyForDeploymentPostprocessing = 0;
		};
		A3A6AAE72D70F8D2005417AA /* Resources */ = {
			isa = PBXResourcesBuildPhase;
			buildActionMask = 2147483647;
			files = (
			);
			runOnlyForDeploymentPostprocessing = 0;
		};
		A3A6AAF12D70F8D2005417AA /* Resources */ = {
			isa = PBXResourcesBuildPhase;
			buildActionMask = 2147483647;
			files = (
			);
			runOnlyForDeploymentPostprocessing = 0;
		};
/* End PBXResourcesBuildPhase section */

/* Begin PBXSourcesBuildPhase section */
		A3A6AACF2D70F8D1005417AA /* Sources */ = {
			isa = PBXSourcesBuildPhase;
			buildActionMask = 2147483647;
			files = (
			);
			runOnlyForDeploymentPostprocessing = 0;
		};
		A3A6AAE52D70F8D2005417AA /* Sources */ = {
			isa = PBXSourcesBuildPhase;
			buildActionMask = 2147483647;
			files = (
			);
			runOnlyForDeploymentPostprocessing = 0;
		};
		A3A6AAEF2D70F8D2005417AA /* Sources */ = {
			isa = PBXSourcesBuildPhase;
			buildActionMask = 2147483647;
			files = (
			);
			runOnlyForDeploymentPostprocessing = 0;
		};
/* End PBXSourcesBuildPhase section */

/* Begin PBXTargetDependency section */
		A3A6AAEB2D70F8D2005417AA /* PBXTargetDependency */ = {
			isa = PBXTargetDependency;
			target = A3A6AAD22D70F8D1005417AA /* Lab AppEventCount */;
			targetProxy = A3A6AAEA2D70F8D2005417AA /* PBXContainerItemProxy */;
		};
		A3A6AAF52D70F8D2005417AA /* PBXTargetDependency */ = {
			isa = PBXTargetDependency;
			target = A3A6AAD22D70F8D1005417AA /* Lab AppEventCount */;
			targetProxy = A3A6AAF42D70F8D2005417AA /* PBXContainerItemProxy */;
		};
/* End PBXTargetDependency section */

/* Begin XCBuildConfiguration section */
		A3A6AAFD2D70F8D2005417AA /* Debug */ = {
			isa = XCBuildConfiguration;
			buildSettings = {
				ASSETCATALOG_COMPILER_APPICON_NAME = AppIcon;
				ASSETCATALOG_COMPILER_GLOBAL_ACCENT_COLOR_NAME = AccentColor;
				CODE_SIGN_STYLE = Automatic;
				CURRENT_PROJECT_VERSION = 1;
				DEVELOPMENT_TEAM = NVQQ7XF639;
				GENERATE_INFOPLIST_FILE = YES;
				INFOPLIST_FILE = "Lab AppEventCount/Info.plist";
				INFOPLIST_KEY_UIApplicationSupportsIndirectInputEvents = YES;
				INFOPLIST_KEY_UILaunchStoryboardName = LaunchScreen;
				INFOPLIST_KEY_UIMainStoryboardFile = Main;
				INFOPLIST_KEY_UISupportedInterfaceOrientations_iPad = "UIInterfaceOrientationPortrait UIInterfaceOrientationPortraitUpsideDown UIInterfaceOrientationLandscapeLeft UIInterfaceOrientationLandscapeRight";
				INFOPLIST_KEY_UISupportedInterfaceOrientations_iPhone = "UIInterfaceOrientationPortrait UIInterfaceOrientationLandscapeLeft UIInterfaceOrientationLandscapeRight";
				LD_RUNPATH_SEARCH_PATHS = (
					"$(inherited)",
					"@executable_path/Frameworks",
				);
				MARKETING_VERSION = 1.0;
				PRODUCT_BUNDLE_IDENTIFIER = "COM.SC.Lab-AppEventCount";
				PRODUCT_NAME = "$(TARGET_NAME)";
				SWIFT_EMIT_LOC_STRINGS = YES;
				SWIFT_VERSION = 5.0;
				TARGETED_DEVICE_FAMILY = "1,2";
			};
			name = Debug;
		};
		A3A6AAFE2D70F8D2005417AA /* Release */ = {
			isa = XCBuildConfiguration;
			buildSettings = {
				ASSETCATALOG_COMPILER_APPICON_NAME = AppIcon;
				ASSETCATALOG_COMPILER_GLOBAL_ACCENT_COLOR_NAME = AccentColor;
				CODE_SIGN_STYLE = Automatic;
				CURRENT_PROJECT_VERSION = 1;
				DEVELOPMENT_TEAM = NVQQ7XF639;
				GENERATE_INFOPLIST_FILE = YES;
				INFOPLIST_FILE = "Lab AppEventCount/Info.plist";
				INFOPLIST_KEY_UIApplicationSupportsIndirectInputEvents = YES;
				INFOPLIST_KEY_UILaunchStoryboardName = LaunchScreen;
				INFOPLIST_KEY_UIMainStoryboardFile = Main;
				INFOPLIST_KEY_UISupportedInterfaceOrientations_iPad = "UIInterfaceOrientationPortrait UIInterfaceOrientationPortraitUpsideDown UIInterfaceOrientationLandscapeLeft UIInterfaceOrientationLandscapeRight";
				INFOPLIST_KEY_UISupportedInterfaceOrientations_iPhone = "UIInterfaceOrientationPortrait UIInterfaceOrientationLandscapeLeft UIInterfaceOrientationLandscapeRight";
				LD_RUNPATH_SEARCH_PATHS = (
					"$(inherited)",
					"@executable_path/Frameworks",
				);
				MARKETING_VERSION = 1.0;
				PRODUCT_BUNDLE_IDENTIFIER = "COM.SC.Lab-AppEventCount";
				PRODUCT_NAME = "$(TARGET_NAME)";
				SWIFT_EMIT_LOC_STRINGS = YES;
				SWIFT_VERSION = 5.0;
				TARGETED_DEVICE_FAMILY = "1,2";
			};
			name = Release;
		};
		A3A6AAFF2D70F8D2005417AA /* Debug */ = {
			isa = XCBuildConfiguration;
			buildSettings = {
				ALWAYS_SEARCH_USER_PATHS = NO;
				ASSETCATALOG_COMPILER_GENERATE_SWIFT_ASSET_SYMBOL_EXTENSIONS = YES;
				CLANG_ANALYZER_NONNULL = YES;
				CLANG_ANALYZER_NUMBER_OBJECT_CONVERSION = YES_AGGRESSIVE;
				CLANG_CXX_LANGUAGE_STANDARD = "gnu++20";
				CLANG_ENABLE_MODULES = YES;
				CLANG_ENABLE_OBJC_ARC = YES;
				CLANG_ENABLE_OBJC_WEAK = YES;
				CLANG_WARN_BLOCK_CAPTURE_AUTORELEASING = YES;
				CLANG_WARN_BOOL_CONVERSION = YES;
				CLANG_WARN_COMMA = YES;
				CLANG_WARN_CONSTANT_CONVERSION = YES;
				CLANG_WARN_DEPRECATED_OBJC_IMPLEMENTATIONS = YES;
				CLANG_WARN_DIRECT_OBJC_ISA_USAGE = YES_ERROR;
				CLANG_WARN_DOCUMENTATION_COMMENTS = YES;
				CLANG_WARN_EMPTY_BODY = YES;
				CLANG_WARN_ENUM_CONVERSION = YES;
				CLANG_WARN_INFINITE_RECURSION = YES;
				CLANG_WARN_INT_CONVERSION = YES;
				CLANG_WARN_NON_LITERAL_NULL_CONVERSION = YES;
				CLANG_WARN_OBJC_IMPLICIT_RETAIN_SELF = YES;
				CLANG_WARN_OBJC_LITERAL_CONVERSION = YES;
				CLANG_WARN_OBJC_ROOT_CLASS = YES_ERROR;
				CLANG_WARN_QUOTED_INCLUDE_IN_FRAMEWORK_HEADER = YES;
				CLANG_WARN_RANGE_LOOP_ANALYSIS = YES;
				CLANG_WARN_STRICT_PROTOTYPES = YES;
				CLANG_WARN_SUSPICIOUS_MOVE = YES;
				CLANG_WARN_UNGUARDED_AVAILABILITY = YES_AGGRESSIVE;
				CLANG_WARN_UNREACHABLE_CODE = YES;
				CLANG_WARN__DUPLICATE_METHOD_MATCH = YES;
				COPY_PHASE_STRIP = NO;
				DEBUG_INFORMATION_FORMAT = dwarf;
				ENABLE_STRICT_OBJC_MSGSEND = YES;
				ENABLE_TESTABILITY = YES;
				ENABLE_USER_SCRIPT_SANDBOXING = YES;
				GCC_C_LANGUAGE_STANDARD = gnu17;
				GCC_DYNAMIC_NO_PIC = NO;
				GCC_NO_COMMON_BLOCKS = YES;
				GCC_OPTIMIZATION_LEVEL = 0;
				GCC_PREPROCESSOR_DEFINITIONS = (
					"DEBUG=1",
					"$(inherited)",
				);
				GCC_WARN_64_TO_32_BIT_CONVERSION = YES;
				GCC_WARN_ABOUT_RETURN_TYPE = YES_ERROR;
				GCC_WARN_UNDECLARED_SELECTOR = YES;
				GCC_WARN_UNINITIALIZED_AUTOS = YES_AGGRESSIVE;
				GCC_WARN_UNUSED_FUNCTION = YES;
				GCC_WARN_UNUSED_VARIABLE = YES;
				IPHONEOS_DEPLOYMENT_TARGET = 18.2;
				LOCALIZATION_PREFERS_STRING_CATALOGS = YES;
				MTL_ENABLE_DEBUG_INFO = INCLUDE_SOURCE;
				MTL_FAST_MATH = YES;
				ONLY_ACTIVE_ARCH = YES;
				SDKROOT = iphoneos;
				SWIFT_ACTIVE_COMPILATION_CONDITIONS = "DEBUG $(inherited)";
				SWIFT_OPTIMIZATION_LEVEL = "-Onone";
			};
			name = Debug;
		};
		A3A6AB002D70F8D2005417AA /* Release */ = {
			isa = XCBuildConfiguration;
			buildSettings = {
				ALWAYS_SEARCH_USER_PATHS = NO;
				ASSETCATALOG_COMPILER_GENERATE_SWIFT_ASSET_SYMBOL_EXTENSIONS = YES;
				CLANG_ANALYZER_NONNULL = YES;
				CLANG_ANALYZER_NUMBER_OBJECT_CONVERSION = YES_AGGRESSIVE;
				CLANG_CXX_LANGUAGE_STANDARD = "gnu++20";
				CLANG_ENABLE_MODULES = YES;
				CLANG_ENABLE_OBJC_ARC = YES;
				CLANG_ENABLE_OBJC_WEAK = YES;
				CLANG_WARN_BLOCK_CAPTURE_AUTORELEASING = YES;
				CLANG_WARN_BOOL_CONVERSION = YES;
				CLANG_WARN_COMMA = YES;
				CLANG_WARN_CONSTANT_CONVERSION = YES;
				CLANG_WARN_DEPRECATED_OBJC_IMPLEMENTATIONS = YES;
				CLANG_WARN_DIRECT_OBJC_ISA_USAGE = YES_ERROR;
				CLANG_WARN_DOCUMENTATION_COMMENTS = YES;
				CLANG_WARN_EMPTY_BODY = YES;
				CLANG_WARN_ENUM_CONVERSION = YES;
				CLANG_WARN_INFINITE_RECURSION = YES;
				CLANG_WARN_INT_CONVERSION = YES;
				CLANG_WARN_NON_LITERAL_NULL_CONVERSION = YES;
				CLANG_WARN_OBJC_IMPLICIT_RETAIN_SELF = YES;
				CLANG_WARN_OBJC_LITERAL_CONVERSION = YES;
				CLANG_WARN_OBJC_ROOT_CLASS = YES_ERROR;
				CLANG_WARN_QUOTED_INCLUDE_IN_FRAMEWORK_HEADER = YES;
				CLANG_WARN_RANGE_LOOP_ANALYSIS = YES;
				CLANG_WARN_STRICT_PROTOTYPES = YES;
				CLANG_WARN_SUSPICIOUS_MOVE = YES;
				CLANG_WARN_UNGUARDED_AVAILABILITY = YES_AGGRESSIVE;
				CLANG_WARN_UNREACHABLE_CODE = YES;
				CLANG_WARN__DUPLICATE_METHOD_MATCH = YES;
				COPY_PHASE_STRIP = NO;
				DEBUG_INFORMATION_FORMAT = "dwarf-with-dsym";
				ENABLE_NS_ASSERTIONS = NO;
				ENABLE_STRICT_OBJC_MSGSEND = YES;
				ENABLE_USER_SCRIPT_SANDBOXING = YES;
				GCC_C_LANGUAGE_STANDARD = gnu17;
				GCC_NO_COMMON_BLOCKS = YES;
				GCC_WARN_64_TO_32_BIT_CONVERSION = YES;
				GCC_WARN_ABOUT_RETURN_TYPE = YES_ERROR;
				GCC_WARN_UNDECLARED_SELECTOR = YES;
				GCC_WARN_UNINITIALIZED_AUTOS = YES_AGGRESSIVE;
				GCC_WARN_UNUSED_FUNCTION = YES;
				GCC_WARN_UNUSED_VARIABLE = YES;
				IPHONEOS_DEPLOYMENT_TARGET = 18.2;
				LOCALIZATION_PREFERS_STRING_CATALOGS = YES;
				MTL_ENABLE_DEBUG_INFO = NO;
				MTL_FAST_MATH = YES;
				SDKROOT = iphoneos;
				SWIFT_COMPILATION_MODE = wholemodule;
				VALIDATE_PRODUCT = YES;
			};
			name = Release;
		};
		A3A6AB022D70F8D2005417AA /* Debug */ = {
			isa = XCBuildConfiguration;
			buildSettings = {
				BUNDLE_LOADER = "$(TEST_HOST)";
				CODE_SIGN_STYLE = Automatic;
				CURRENT_PROJECT_VERSION = 1;
				DEVELOPMENT_TEAM = NVQQ7XF639;
				GENERATE_INFOPLIST_FILE = YES;
				IPHONEOS_DEPLOYMENT_TARGET = 18.2;
				MARKETING_VERSION = 1.0;
				PRODUCT_BUNDLE_IDENTIFIER = "COM.SC.Lab-AppEventCountTests";
				PRODUCT_NAME = "$(TARGET_NAME)";
				SWIFT_EMIT_LOC_STRINGS = NO;
				SWIFT_VERSION = 5.0;
				TARGETED_DEVICE_FAMILY = "1,2";
				TEST_HOST = "$(BUILT_PRODUCTS_DIR)/Lab AppEventCount.app/$(BUNDLE_EXECUTABLE_FOLDER_PATH)/Lab AppEventCount";
			};
			name = Debug;
		};
		A3A6AB032D70F8D2005417AA /* Release */ = {
			isa = XCBuildConfiguration;
			buildSettings = {
				BUNDLE_LOADER = "$(TEST_HOST)";
				CODE_SIGN_STYLE = Automatic;
				CURRENT_PROJECT_VERSION = 1;
				DEVELOPMENT_TEAM = NVQQ7XF639;
				GENERATE_INFOPLIST_FILE = YES;
				IPHONEOS_DEPLOYMENT_TARGET = 18.2;
				MARKETING_VERSION = 1.0;
				PRODUCT_BUNDLE_IDENTIFIER = "COM.SC.Lab-AppEventCountTests";
				PRODUCT_NAME = "$(TARGET_NAME)";
				SWIFT_EMIT_LOC_STRINGS = NO;
				SWIFT_VERSION = 5.0;
				TARGETED_DEVICE_FAMILY = "1,2";
				TEST_HOST = "$(BUILT_PRODUCTS_DIR)/Lab AppEventCount.app/$(BUNDLE_EXECUTABLE_FOLDER_PATH)/Lab AppEventCount";
			};
			name = Release;
		};
		A3A6AB052D70F8D2005417AA /* Debug */ = {
			isa = XCBuildConfiguration;
			buildSettings = {
				CODE_SIGN_STYLE = Automatic;
				CURRENT_PROJECT_VERSION = 1;
				DEVELOPMENT_TEAM = NVQQ7XF639;
				GENERATE_INFOPLIST_FILE = YES;
				MARKETING_VERSION = 1.0;
				PRODUCT_BUNDLE_IDENTIFIER = "COM.SC.Lab-AppEventCountUITests";
				PRODUCT_NAME = "$(TARGET_NAME)";
				SWIFT_EMIT_LOC_STRINGS = NO;
				SWIFT_VERSION = 5.0;
				TARGETED_DEVICE_FAMILY = "1,2";
				TEST_TARGET_NAME = "Lab AppEventCount";
			};
			name = Debug;
		};
		A3A6AB062D70F8D2005417AA /* Release */ = {
			isa = XCBuildConfiguration;
			buildSettings = {
				CODE_SIGN_STYLE = Automatic;
				CURRENT_PROJECT_VERSION = 1;
				DEVELOPMENT_TEAM = NVQQ7XF639;
				GENERATE_INFOPLIST_FILE = YES;
				MARKETING_VERSION = 1.0;
				PRODUCT_BUNDLE_IDENTIFIER = "COM.SC.Lab-AppEventCountUITests";
				PRODUCT_NAME = "$(TARGET_NAME)";
				SWIFT_EMIT_LOC_STRINGS = NO;
				SWIFT_VERSION = 5.0;
				TARGETED_DEVICE_FAMILY = "1,2";
				TEST_TARGET_NAME = "Lab AppEventCount";
			};
			name = Release;
		};
/* End XCBuildConfiguration section */

/* Begin XCConfigurationList section */
		A3A6AACE2D70F8D1005417AA /* Build configuration list for PBXProject "Lab AppEventCount" */ = {
			isa = XCConfigurationList;
			buildConfigurations = (
				A3A6AAFF2D70F8D2005417AA /* Debug */,
				A3A6AB002D70F8D2005417AA /* Release */,
			);
			defaultConfigurationIsVisible = 0;
			defaultConfigurationName = Release;
		};
		A3A6AAFC2D70F8D2005417AA /* Build configuration list for PBXNativeTarget "Lab AppEventCount" */ = {
			isa = XCConfigurationList;
			buildConfigurations = (
				A3A6AAFD2D70F8D2005417AA /* Debug */,
				A3A6AAFE2D70F8D2005417AA /* Release */,
			);
			defaultConfigurationIsVisible = 0;
			defaultConfigurationName = Release;
		};
		A3A6AB012D70F8D2005417AA /* Build configuration list for PBXNativeTarget "Lab AppEventCountTests" */ = {
			isa = XCConfigurationList;
			buildConfigurations = (
				A3A6AB022D70F8D2005417AA /* Debug */,
				A3A6AB032D70F8D2005417AA /* Release */,
			);
			defaultConfigurationIsVisible = 0;
			defaultConfigurationName = Release;
		};
		A3A6AB042D70F8D2005417AA /* Build configuration list for PBXNativeTarget "Lab AppEventCountUITests" */ = {
			isa = XCConfigurationList;
			buildConfigurations = (
				A3A6AB052D70F8D2005417AA /* Debug */,
				A3A6AB062D70F8D2005417AA /* Release */,
			);
			defaultConfigurationIsVisible = 0;
			defaultConfigurationName = Release;
		};
/* End XCConfigurationList section */
	};
	rootObject = A3A6AACB2D70F8D1005417AA /* Project object */;
}
