// !$*UTF8*$!
{
	archiveVersion = 1;
	classes = {
	};
	objectVersion = 77;
	objects = {

/* Begin PBXContainerItemProxy section */
		A39057862D431779008BA4A5 /* PBXContainerItemProxy */ = {
			isa = PBXContainerItemProxy;
			containerPortal = A39057672D431778008BA4A5 /* Project object */;
			proxyType = 1;
			remoteGlobalIDString = A390576E2D431778008BA4A5;
			remoteInfo = "Lab:UIKitSurvey";
		};
		A39057902D431779008BA4A5 /* PBXContainerItemProxy */ = {
			isa = PBXContainerItemProxy;
			containerPortal = A39057672D431778008BA4A5 /* Project object */;
			proxyType = 1;
			remoteGlobalIDString = A390576E2D431778008BA4A5;
			remoteInfo = "Lab:UIKitSurvey";
		};
/* End PBXContainerItemProxy section */

/* Begin PBXFileReference section */
		A390576F2D431778008BA4A5 /* Lab:UIKitSurvey.app */ = {isa = PBXFileReference; explicitFileType = wrapper.application; includeInIndex = 0; path = "Lab:UIKitSurvey.app"; sourceTree = BUILT_PRODUCTS_DIR; };
		A39057852D431779008BA4A5 /* Lab:UIKitSurveyTests.xctest */ = {isa = PBXFileReference; explicitFileType = wrapper.cfbundle; includeInIndex = 0; path = "Lab:UIKitSurveyTests.xctest"; sourceTree = BUILT_PRODUCTS_DIR; };
		A390578F2D431779008BA4A5 /* Lab:UIKitSurveyUITests.xctest */ = {isa = PBXFileReference; explicitFileType = wrapper.cfbundle; includeInIndex = 0; path = "Lab:UIKitSurveyUITests.xctest"; sourceTree = BUILT_PRODUCTS_DIR; };
/* End PBXFileReference section */

/* Begin PBXFileSystemSynchronizedBuildFileExceptionSet section */
		A39057972D431779008BA4A5 /* Exceptions for "Lab:UIKitSurvey" folder in "Lab:UIKitSurvey" target */ = {
			isa = PBXFileSystemSynchronizedBuildFileExceptionSet;
			membershipExceptions = (
				Info.plist,
			);
			target = A390576E2D431778008BA4A5 /* Lab:UIKitSurvey */;
		};
/* End PBXFileSystemSynchronizedBuildFileExceptionSet section */

/* Begin PBXFileSystemSynchronizedRootGroup section */
		A39057712D431778008BA4A5 /* Lab:UIKitSurvey */ = {
			isa = PBXFileSystemSynchronizedRootGroup;
			exceptions = (
				A39057972D431779008BA4A5 /* Exceptions for "Lab:UIKitSurvey" folder in "Lab:UIKitSurvey" target */,
			);
			path = "Lab:UIKitSurvey";
			sourceTree = "<group>";
		};
		A39057882D431779008BA4A5 /* Lab:UIKitSurveyTests */ = {
			isa = PBXFileSystemSynchronizedRootGroup;
			path = "Lab:UIKitSurveyTests";
			sourceTree = "<group>";
		};
		A39057922D431779008BA4A5 /* Lab:UIKitSurveyUITests */ = {
			isa = PBXFileSystemSynchronizedRootGroup;
			path = "Lab:UIKitSurveyUITests";
			sourceTree = "<group>";
		};
/* End PBXFileSystemSynchronizedRootGroup section */

/* Begin PBXFrameworksBuildPhase section */
		A390576C2D431778008BA4A5 /* Frameworks */ = {
			isa = PBXFrameworksBuildPhase;
			buildActionMask = 2147483647;
			files = (
			);
			runOnlyForDeploymentPostprocessing = 0;
		};
		A39057822D431779008BA4A5 /* Frameworks */ = {
			isa = PBXFrameworksBuildPhase;
			buildActionMask = 2147483647;
			files = (
			);
			runOnlyForDeploymentPostprocessing = 0;
		};
		A390578C2D431779008BA4A5 /* Frameworks */ = {
			isa = PBXFrameworksBuildPhase;
			buildActionMask = 2147483647;
			files = (
			);
			runOnlyForDeploymentPostprocessing = 0;
		};
/* End PBXFrameworksBuildPhase section */

/* Begin PBXGroup section */
		A39057662D431778008BA4A5 = {
			isa = PBXGroup;
			children = (
				A39057712D431778008BA4A5 /* Lab:UIKitSurvey */,
				A39057882D431779008BA4A5 /* Lab:UIKitSurveyTests */,
				A39057922D431779008BA4A5 /* Lab:UIKitSurveyUITests */,
				A39057702D431778008BA4A5 /* Products */,
			);
			sourceTree = "<group>";
		};
		A39057702D431778008BA4A5 /* Products */ = {
			isa = PBXGroup;
			children = (
				A390576F2D431778008BA4A5 /* Lab:UIKitSurvey.app */,
				A39057852D431779008BA4A5 /* Lab:UIKitSurveyTests.xctest */,
				A390578F2D431779008BA4A5 /* Lab:UIKitSurveyUITests.xctest */,
			);
			name = Products;
			sourceTree = "<group>";
		};
/* End PBXGroup section */

/* Begin PBXNativeTarget section */
		A390576E2D431778008BA4A5 /* Lab:UIKitSurvey */ = {
			isa = PBXNativeTarget;
			buildConfigurationList = A39057982D431779008BA4A5 /* Build configuration list for PBXNativeTarget "Lab:UIKitSurvey" */;
			buildPhases = (
				A390576B2D431778008BA4A5 /* Sources */,
				A390576C2D431778008BA4A5 /* Frameworks */,
				A390576D2D431778008BA4A5 /* Resources */,
			);
			buildRules = (
			);
			dependencies = (
			);
			fileSystemSynchronizedGroups = (
				A39057712D431778008BA4A5 /* Lab:UIKitSurvey */,
			);
			name = "Lab:UIKitSurvey";
			packageProductDependencies = (
			);
			productName = "Lab:UIKitSurvey";
			productReference = A390576F2D431778008BA4A5 /* Lab:UIKitSurvey.app */;
			productType = "com.apple.product-type.application";
		};
		A39057842D431779008BA4A5 /* Lab:UIKitSurveyTests */ = {
			isa = PBXNativeTarget;
			buildConfigurationList = A390579D2D431779008BA4A5 /* Build configuration list for PBXNativeTarget "Lab:UIKitSurveyTests" */;
			buildPhases = (
				A39057812D431779008BA4A5 /* Sources */,
				A39057822D431779008BA4A5 /* Frameworks */,
				A39057832D431779008BA4A5 /* Resources */,
			);
			buildRules = (
			);
			dependencies = (
				A39057872D431779008BA4A5 /* PBXTargetDependency */,
			);
			fileSystemSynchronizedGroups = (
				A39057882D431779008BA4A5 /* Lab:UIKitSurveyTests */,
			);
			name = "Lab:UIKitSurveyTests";
			packageProductDependencies = (
			);
			productName = "Lab:UIKitSurveyTests";
			productReference = A39057852D431779008BA4A5 /* Lab:UIKitSurveyTests.xctest */;
			productType = "com.apple.product-type.bundle.unit-test";
		};
		A390578E2D431779008BA4A5 /* Lab:UIKitSurveyUITests */ = {
			isa = PBXNativeTarget;
			buildConfigurationList = A39057A02D431779008BA4A5 /* Build configuration list for PBXNativeTarget "Lab:UIKitSurveyUITests" */;
			buildPhases = (
				A390578B2D431779008BA4A5 /* Sources */,
				A390578C2D431779008BA4A5 /* Frameworks */,
				A390578D2D431779008BA4A5 /* Resources */,
			);
			buildRules = (
			);
			dependencies = (
				A39057912D431779008BA4A5 /* PBXTargetDependency */,
			);
			fileSystemSynchronizedGroups = (
				A39057922D431779008BA4A5 /* Lab:UIKitSurveyUITests */,
			);
			name = "Lab:UIKitSurveyUITests";
			packageProductDependencies = (
			);
			productName = "Lab:UIKitSurveyUITests";
			productReference = A390578F2D431779008BA4A5 /* Lab:UIKitSurveyUITests.xctest */;
			productType = "com.apple.product-type.bundle.ui-testing";
		};
/* End PBXNativeTarget section */

/* Begin PBXProject section */
		A39057672D431778008BA4A5 /* Project object */ = {
			isa = PBXProject;
			attributes = {
				BuildIndependentTargetsInParallel = 1;
				LastSwiftUpdateCheck = 1620;
				LastUpgradeCheck = 1620;
				TargetAttributes = {
					A390576E2D431778008BA4A5 = {
						CreatedOnToolsVersion = 16.2;
					};
					A39057842D431779008BA4A5 = {
						CreatedOnToolsVersion = 16.2;
						TestTargetID = A390576E2D431778008BA4A5;
					};
					A390578E2D431779008BA4A5 = {
						CreatedOnToolsVersion = 16.2;
						TestTargetID = A390576E2D431778008BA4A5;
					};
				};
			};
			buildConfigurationList = A390576A2D431778008BA4A5 /* Build configuration list for PBXProject "Lab:UIKitSurvey" */;
			developmentRegion = en;
			hasScannedForEncodings = 0;
			knownRegions = (
				en,
				Base,
			);
			mainGroup = A39057662D431778008BA4A5;
			minimizedProjectReferenceProxies = 1;
			preferredProjectObjectVersion = 77;
			productRefGroup = A39057702D431778008BA4A5 /* Products */;
			projectDirPath = "";
			projectRoot = "";
			targets = (
				A390576E2D431778008BA4A5 /* Lab:UIKitSurvey */,
				A39057842D431779008BA4A5 /* Lab:UIKitSurveyTests */,
				A390578E2D431779008BA4A5 /* Lab:UIKitSurveyUITests */,
			);
		};
/* End PBXProject section */

/* Begin PBXResourcesBuildPhase section */
		A390576D2D431778008BA4A5 /* Resources */ = {
			isa = PBXResourcesBuildPhase;
			buildActionMask = 2147483647;
			files = (
			);
			runOnlyForDeploymentPostprocessing = 0;
		};
		A39057832D431779008BA4A5 /* Resources */ = {
			isa = PBXResourcesBuildPhase;
			buildActionMask = 2147483647;
			files = (
			);
			runOnlyForDeploymentPostprocessing = 0;
		};
		A390578D2D431779008BA4A5 /* Resources */ = {
			isa = PBXResourcesBuildPhase;
			buildActionMask = 2147483647;
			files = (
			);
			runOnlyForDeploymentPostprocessing = 0;
		};
/* End PBXResourcesBuildPhase section */

/* Begin PBXSourcesBuildPhase section */
		A390576B2D431778008BA4A5 /* Sources */ = {
			isa = PBXSourcesBuildPhase;
			buildActionMask = 2147483647;
			files = (
			);
			runOnlyForDeploymentPostprocessing = 0;
		};
		A39057812D431779008BA4A5 /* Sources */ = {
			isa = PBXSourcesBuildPhase;
			buildActionMask = 2147483647;
			files = (
			);
			runOnlyForDeploymentPostprocessing = 0;
		};
		A390578B2D431779008BA4A5 /* Sources */ = {
			isa = PBXSourcesBuildPhase;
			buildActionMask = 2147483647;
			files = (
			);
			runOnlyForDeploymentPostprocessing = 0;
		};
/* End PBXSourcesBuildPhase section */

/* Begin PBXTargetDependency section */
		A39057872D431779008BA4A5 /* PBXTargetDependency */ = {
			isa = PBXTargetDependency;
			target = A390576E2D431778008BA4A5 /* Lab:UIKitSurvey */;
			targetProxy = A39057862D431779008BA4A5 /* PBXContainerItemProxy */;
		};
		A39057912D431779008BA4A5 /* PBXTargetDependency */ = {
			isa = PBXTargetDependency;
			target = A390576E2D431778008BA4A5 /* Lab:UIKitSurvey */;
			targetProxy = A39057902D431779008BA4A5 /* PBXContainerItemProxy */;
		};
/* End PBXTargetDependency section */

/* Begin XCBuildConfiguration section */
		A39057992D431779008BA4A5 /* Debug */ = {
			isa = XCBuildConfiguration;
			buildSettings = {
				ASSETCATALOG_COMPILER_APPICON_NAME = AppIcon;
				ASSETCATALOG_COMPILER_GLOBAL_ACCENT_COLOR_NAME = AccentColor;
				CODE_SIGN_STYLE = Automatic;
				CURRENT_PROJECT_VERSION = 1;
				DEVELOPMENT_TEAM = NVQQ7XF639;
				GENERATE_INFOPLIST_FILE = YES;
				INFOPLIST_FILE = "Lab:UIKitSurvey/Info.plist";
				INFOPLIST_KEY_UIApplicationSupportsIndirectInputEvents = YES;
				INFOPLIST_KEY_UILaunchStoryboardName = LaunchScreen;
				INFOPLIST_KEY_UIMainStoryboardFile = Main;
				INFOPLIST_KEY_UISupportedInterfaceOrientations_iPad = "UIInterfaceOrientationPortrait UIInterfaceOrientationPortraitUpsideDown UIInterfaceOrientationLandscapeLeft UIInterfaceOrientationLandscapeRight";
				INFOPLIST_KEY_UISupportedInterfaceOrientations_iPhone = "UIInterfaceOrientationPortrait UIInterfaceOrientationLandscapeLeft UIInterfaceOrientationLandscapeRight";
				LD_RUNPATH_SEARCH_PATHS = (
					"$(inherited)",
					"@executable_path/Frameworks",
				);
				MARKETING_VERSION = 1.0;
				PRODUCT_BUNDLE_IDENTIFIER = "COM.SC.Lab-UIKitSurvey";
				PRODUCT_NAME = "$(TARGET_NAME)";
				SWIFT_EMIT_LOC_STRINGS = YES;
				SWIFT_VERSION = 5.0;
				TARGETED_DEVICE_FAMILY = "1,2";
			};
			name = Debug;
		};
		A390579A2D431779008BA4A5 /* Release */ = {
			isa = XCBuildConfiguration;
			buildSettings = {
				ASSETCATALOG_COMPILER_APPICON_NAME = AppIcon;
				ASSETCATALOG_COMPILER_GLOBAL_ACCENT_COLOR_NAME = AccentColor;
				CODE_SIGN_STYLE = Automatic;
				CURRENT_PROJECT_VERSION = 1;
				DEVELOPMENT_TEAM = NVQQ7XF639;
				GENERATE_INFOPLIST_FILE = YES;
				INFOPLIST_FILE = "Lab:UIKitSurvey/Info.plist";
				INFOPLIST_KEY_UIApplicationSupportsIndirectInputEvents = YES;
				INFOPLIST_KEY_UILaunchStoryboardName = LaunchScreen;
				INFOPLIST_KEY_UIMainStoryboardFile = Main;
				INFOPLIST_KEY_UISupportedInterfaceOrientations_iPad = "UIInterfaceOrientationPortrait UIInterfaceOrientationPortraitUpsideDown UIInterfaceOrientationLandscapeLeft UIInterfaceOrientationLandscapeRight";
				INFOPLIST_KEY_UISupportedInterfaceOrientations_iPhone = "UIInterfaceOrientationPortrait UIInterfaceOrientationLandscapeLeft UIInterfaceOrientationLandscapeRight";
				LD_RUNPATH_SEARCH_PATHS = (
					"$(inherited)",
					"@executable_path/Frameworks",
				);
				MARKETING_VERSION = 1.0;
				PRODUCT_BUNDLE_IDENTIFIER = "COM.SC.Lab-UIKitSurvey";
				PRODUCT_NAME = "$(TARGET_NAME)";
				SWIFT_EMIT_LOC_STRINGS = YES;
				SWIFT_VERSION = 5.0;
				TARGETED_DEVICE_FAMILY = "1,2";
			};
			name = Release;
		};
		A390579B2D431779008BA4A5 /* Debug */ = {
			isa = XCBuildConfiguration;
			buildSettings = {
				ALWAYS_SEARCH_USER_PATHS = NO;
				ASSETCATALOG_COMPILER_GENERATE_SWIFT_ASSET_SYMBOL_EXTENSIONS = YES;
				CLANG_ANALYZER_NONNULL = YES;
				CLANG_ANALYZER_NUMBER_OBJECT_CONVERSION = YES_AGGRESSIVE;
				CLANG_CXX_LANGUAGE_STANDARD = "gnu++20";
				CLANG_ENABLE_MODULES = YES;
				CLANG_ENABLE_OBJC_ARC = YES;
				CLANG_ENABLE_OBJC_WEAK = YES;
				CLANG_WARN_BLOCK_CAPTURE_AUTORELEASING = YES;
				CLANG_WARN_BOOL_CONVERSION = YES;
				CLANG_WARN_COMMA = YES;
				CLANG_WARN_CONSTANT_CONVERSION = YES;
				CLANG_WARN_DEPRECATED_OBJC_IMPLEMENTATIONS = YES;
				CLANG_WARN_DIRECT_OBJC_ISA_USAGE = YES_ERROR;
				CLANG_WARN_DOCUMENTATION_COMMENTS = YES;
				CLANG_WARN_EMPTY_BODY = YES;
				CLANG_WARN_ENUM_CONVERSION = YES;
				CLANG_WARN_INFINITE_RECURSION = YES;
				CLANG_WARN_INT_CONVERSION = YES;
				CLANG_WARN_NON_LITERAL_NULL_CONVERSION = YES;
				CLANG_WARN_OBJC_IMPLICIT_RETAIN_SELF = YES;
				CLANG_WARN_OBJC_LITERAL_CONVERSION = YES;
				CLANG_WARN_OBJC_ROOT_CLASS = YES_ERROR;
				CLANG_WARN_QUOTED_INCLUDE_IN_FRAMEWORK_HEADER = YES;
				CLANG_WARN_RANGE_LOOP_ANALYSIS = YES;
				CLANG_WARN_STRICT_PROTOTYPES = YES;
				CLANG_WARN_SUSPICIOUS_MOVE = YES;
				CLANG_WARN_UNGUARDED_AVAILABILITY = YES_AGGRESSIVE;
				CLANG_WARN_UNREACHABLE_CODE = YES;
				CLANG_WARN__DUPLICATE_METHOD_MATCH = YES;
				COPY_PHASE_STRIP = NO;
				DEBUG_INFORMATION_FORMAT = dwarf;
				ENABLE_STRICT_OBJC_MSGSEND = YES;
				ENABLE_TESTABILITY = YES;
				ENABLE_USER_SCRIPT_SANDBOXING = YES;
				GCC_C_LANGUAGE_STANDARD = gnu17;
				GCC_DYNAMIC_NO_PIC = NO;
				GCC_NO_COMMON_BLOCKS = YES;
				GCC_OPTIMIZATION_LEVEL = 0;
				GCC_PREPROCESSOR_DEFINITIONS = (
					"DEBUG=1",
					"$(inherited)",
				);
				GCC_WARN_64_TO_32_BIT_CONVERSION = YES;
				GCC_WARN_ABOUT_RETURN_TYPE = YES_ERROR;
				GCC_WARN_UNDECLARED_SELECTOR = YES;
				GCC_WARN_UNINITIALIZED_AUTOS = YES_AGGRESSIVE;
				GCC_WARN_UNUSED_FUNCTION = YES;
				GCC_WARN_UNUSED_VARIABLE = YES;
				IPHONEOS_DEPLOYMENT_TARGET = 18.2;
				LOCALIZATION_PREFERS_STRING_CATALOGS = YES;
				MTL_ENABLE_DEBUG_INFO = INCLUDE_SOURCE;
				MTL_FAST_MATH = YES;
				ONLY_ACTIVE_ARCH = YES;
				SDKROOT = iphoneos;
				SWIFT_ACTIVE_COMPILATION_CONDITIONS = "DEBUG $(inherited)";
				SWIFT_OPTIMIZATION_LEVEL = "-Onone";
			};
			name = Debug;
		};
		A390579C2D431779008BA4A5 /* Release */ = {
			isa = XCBuildConfiguration;
			buildSettings = {
				ALWAYS_SEARCH_USER_PATHS = NO;
				ASSETCATALOG_COMPILER_GENERATE_SWIFT_ASSET_SYMBOL_EXTENSIONS = YES;
				CLANG_ANALYZER_NONNULL = YES;
				CLANG_ANALYZER_NUMBER_OBJECT_CONVERSION = YES_AGGRESSIVE;
				CLANG_CXX_LANGUAGE_STANDARD = "gnu++20";
				CLANG_ENABLE_MODULES = YES;
				CLANG_ENABLE_OBJC_ARC = YES;
				CLANG_ENABLE_OBJC_WEAK = YES;
				CLANG_WARN_BLOCK_CAPTURE_AUTORELEASING = YES;
				CLANG_WARN_BOOL_CONVERSION = YES;
				CLANG_WARN_COMMA = YES;
				CLANG_WARN_CONSTANT_CONVERSION = YES;
				CLANG_WARN_DEPRECATED_OBJC_IMPLEMENTATIONS = YES;
				CLANG_WARN_DIRECT_OBJC_ISA_USAGE = YES_ERROR;
				CLANG_WARN_DOCUMENTATION_COMMENTS = YES;
				CLANG_WARN_EMPTY_BODY = YES;
				CLANG_WARN_ENUM_CONVERSION = YES;
				CLANG_WARN_INFINITE_RECURSION = YES;
				CLANG_WARN_INT_CONVERSION = YES;
				CLANG_WARN_NON_LITERAL_NULL_CONVERSION = YES;
				CLANG_WARN_OBJC_IMPLICIT_RETAIN_SELF = YES;
				CLANG_WARN_OBJC_LITERAL_CONVERSION = YES;
				CLANG_WARN_OBJC_ROOT_CLASS = YES_ERROR;
				CLANG_WARN_QUOTED_INCLUDE_IN_FRAMEWORK_HEADER = YES;
				CLANG_WARN_RANGE_LOOP_ANALYSIS = YES;
				CLANG_WARN_STRICT_PROTOTYPES = YES;
				CLANG_WARN_SUSPICIOUS_MOVE = YES;
				CLANG_WARN_UNGUARDED_AVAILABILITY = YES_AGGRESSIVE;
				CLANG_WARN_UNREACHABLE_CODE = YES;
				CLANG_WARN__DUPLICATE_METHOD_MATCH = YES;
				COPY_PHASE_STRIP = NO;
				DEBUG_INFORMATION_FORMAT = "dwarf-with-dsym";
				ENABLE_NS_ASSERTIONS = NO;
				ENABLE_STRICT_OBJC_MSGSEND = YES;
				ENABLE_USER_SCRIPT_SANDBOXING = YES;
				GCC_C_LANGUAGE_STANDARD = gnu17;
				GCC_NO_COMMON_BLOCKS = YES;
				GCC_WARN_64_TO_32_BIT_CONVERSION = YES;
				GCC_WARN_ABOUT_RETURN_TYPE = YES_ERROR;
				GCC_WARN_UNDECLARED_SELECTOR = YES;
				GCC_WARN_UNINITIALIZED_AUTOS = YES_AGGRESSIVE;
				GCC_WARN_UNUSED_FUNCTION = YES;
				GCC_WARN_UNUSED_VARIABLE = YES;
				IPHONEOS_DEPLOYMENT_TARGET = 18.2;
				LOCALIZATION_PREFERS_STRING_CATALOGS = YES;
				MTL_ENABLE_DEBUG_INFO = NO;
				MTL_FAST_MATH = YES;
				SDKROOT = iphoneos;
				SWIFT_COMPILATION_MODE = wholemodule;
				VALIDATE_PRODUCT = YES;
			};
			name = Release;
		};
		A390579E2D431779008BA4A5 /* Debug */ = {
			isa = XCBuildConfiguration;
			buildSettings = {
				BUNDLE_LOADER = "$(TEST_HOST)";
				CODE_SIGN_STYLE = Automatic;
				CURRENT_PROJECT_VERSION = 1;
				DEVELOPMENT_TEAM = NVQQ7XF639;
				GENERATE_INFOPLIST_FILE = YES;
				IPHONEOS_DEPLOYMENT_TARGET = 18.2;
				MARKETING_VERSION = 1.0;
				PRODUCT_BUNDLE_IDENTIFIER = "COM.SC.Lab-UIKitSurveyTests";
				PRODUCT_NAME = "$(TARGET_NAME)";
				SWIFT_EMIT_LOC_STRINGS = NO;
				SWIFT_VERSION = 5.0;
				TARGETED_DEVICE_FAMILY = "1,2";
				TEST_HOST = "$(BUILT_PRODUCTS_DIR)/Lab:UIKitSurvey.app/$(BUNDLE_EXECUTABLE_FOLDER_PATH)/Lab:UIKitSurvey";
			};
			name = Debug;
		};
		A390579F2D431779008BA4A5 /* Release */ = {
			isa = XCBuildConfiguration;
			buildSettings = {
				BUNDLE_LOADER = "$(TEST_HOST)";
				CODE_SIGN_STYLE = Automatic;
				CURRENT_PROJECT_VERSION = 1;
				DEVELOPMENT_TEAM = NVQQ7XF639;
				GENERATE_INFOPLIST_FILE = YES;
				IPHONEOS_DEPLOYMENT_TARGET = 18.2;
				MARKETING_VERSION = 1.0;
				PRODUCT_BUNDLE_IDENTIFIER = "COM.SC.Lab-UIKitSurveyTests";
				PRODUCT_NAME = "$(TARGET_NAME)";
				SWIFT_EMIT_LOC_STRINGS = NO;
				SWIFT_VERSION = 5.0;
				TARGETED_DEVICE_FAMILY = "1,2";
				TEST_HOST = "$(BUILT_PRODUCTS_DIR)/Lab:UIKitSurvey.app/$(BUNDLE_EXECUTABLE_FOLDER_PATH)/Lab:UIKitSurvey";
			};
			name = Release;
		};
		A39057A12D431779008BA4A5 /* Debug */ = {
			isa = XCBuildConfiguration;
			buildSettings = {
				CODE_SIGN_STYLE = Automatic;
				CURRENT_PROJECT_VERSION = 1;
				DEVELOPMENT_TEAM = NVQQ7XF639;
				GENERATE_INFOPLIST_FILE = YES;
				MARKETING_VERSION = 1.0;
				PRODUCT_BUNDLE_IDENTIFIER = "COM.SC.Lab-UIKitSurveyUITests";
				PRODUCT_NAME = "$(TARGET_NAME)";
				SWIFT_EMIT_LOC_STRINGS = NO;
				SWIFT_VERSION = 5.0;
				TARGETED_DEVICE_FAMILY = "1,2";
				TEST_TARGET_NAME = "Lab:UIKitSurvey";
			};
			name = Debug;
		};
		A39057A22D431779008BA4A5 /* Release */ = {
			isa = XCBuildConfiguration;
			buildSettings = {
				CODE_SIGN_STYLE = Automatic;
				CURRENT_PROJECT_VERSION = 1;
				DEVELOPMENT_TEAM = NVQQ7XF639;
				GENERATE_INFOPLIST_FILE = YES;
				MARKETING_VERSION = 1.0;
				PRODUCT_BUNDLE_IDENTIFIER = "COM.SC.Lab-UIKitSurveyUITests";
				PRODUCT_NAME = "$(TARGET_NAME)";
				SWIFT_EMIT_LOC_STRINGS = NO;
				SWIFT_VERSION = 5.0;
				TARGETED_DEVICE_FAMILY = "1,2";
				TEST_TARGET_NAME = "Lab:UIKitSurvey";
			};
			name = Release;
		};
/* End XCBuildConfiguration section */

/* Begin XCConfigurationList section */
		A390576A2D431778008BA4A5 /* Build configuration list for PBXProject "Lab:UIKitSurvey" */ = {
			isa = XCConfigurationList;
			buildConfigurations = (
				A390579B2D431779008BA4A5 /* Debug */,
				A390579C2D431779008BA4A5 /* Release */,
			);
			defaultConfigurationIsVisible = 0;
			defaultConfigurationName = Release;
		};
		A39057982D431779008BA4A5 /* Build configuration list for PBXNativeTarget "Lab:UIKitSurvey" */ = {
			isa = XCConfigurationList;
			buildConfigurations = (
				A39057992D431779008BA4A5 /* Debug */,
				A390579A2D431779008BA4A5 /* Release */,
			);
			defaultConfigurationIsVisible = 0;
			defaultConfigurationName = Release;
		};
		A390579D2D431779008BA4A5 /* Build configuration list for PBXNativeTarget "Lab:UIKitSurveyTests" */ = {
			isa = XCConfigurationList;
			buildConfigurations = (
				A390579E2D431779008BA4A5 /* Debug */,
				A390579F2D431779008BA4A5 /* Release */,
			);
			defaultConfigurationIsVisible = 0;
			defaultConfigurationName = Release;
		};
		A39057A02D431779008BA4A5 /* Build configuration list for PBXNativeTarget "Lab:UIKitSurveyUITests" */ = {
			isa = XCConfigurationList;
			buildConfigurations = (
				A39057A12D431779008BA4A5 /* Debug */,
				A39057A22D431779008BA4A5 /* Release */,
			);
			defaultConfigurationIsVisible = 0;
			defaultConfigurationName = Release;
		};
/* End XCConfigurationList section */
	};
	rootObject = A39057672D431778008BA4A5 /* Project object */;
}
